// !$*UTF8*$!
{
	archiveVersion = 1;
	classes = {
	};
	objectVersion = 77;
	objects = {

/* Begin PBXBuildFile section */
		743998812F076E610065D382 /* AppDelegate.swift in Sources */ = {isa = PBXBuildFile; fileRef = 743998802F076E610065D382 /* AppDelegate.swift */; };
		743998832F076E610065D382 /* SceneDelegate.swift in Sources */ = {isa = PBXBuildFile; fileRef = 743998822F076E610065D382 /* SceneDelegate.swift */; };
		743998862F076E610065D382 /* LaunchScreen.storyboard in Resources */ = {isa = PBXBuildFile; fileRef = 743998842F076E610065D382 /* LaunchScreen.storyboard */; };
		743998892F076E610065D382 /* Main.storyboard in Resources */ = {isa = PBXBuildFile; fileRef = 743998872F076E610065D382 /* Main.storyboard */; };
		743998922F076E610065D382 /* AppDelegate.swift in Sources */ = {isa = PBXBuildFile; fileRef = 743998912F076E610065D382 /* AppDelegate.swift */; };
		743998952F076E610065D382 /* Main.storyboard in Resources */ = {isa = PBXBuildFile; fileRef = 743998932F076E610065D382 /* Main.storyboard */; };
		7439989D2F076E610065D382 /* XBookmarksOnly Extension.appex in Embed Foundation Extensions */ = {isa = PBXBuildFile; fileRef = 7439989C2F076E610065D382 /* XBookmarksOnly Extension.appex */; settings = {ATTRIBUTES = (RemoveHeadersOnCopy, ); }; };
		743998A72F076E610065D382 /* XBookmarksOnly Extension.appex in Embed Foundation Extensions */ = {isa = PBXBuildFile; fileRef = 743998A62F076E610065D382 /* XBookmarksOnly Extension.appex */; settings = {ATTRIBUTES = (RemoveHeadersOnCopy, ); }; };
		743998AD2F076E610065D382 /* Main.html in Resources */ = {isa = PBXBuildFile; fileRef = 743998702F076E600065D382 /* Main.html */; };
		743998AE2F076E610065D382 /* Main.html in Resources */ = {isa = PBXBuildFile; fileRef = 743998702F076E600065D382 /* Main.html */; };
		743998AF2F076E610065D382 /* Icon.png in Resources */ = {isa = PBXBuildFile; fileRef = 743998722F076E600065D382 /* Icon.png */; };
		743998B02F076E610065D382 /* Icon.png in Resources */ = {isa = PBXBuildFile; fileRef = 743998722F076E600065D382 /* Icon.png */; };
		743998B12F076E610065D382 /* Style.css in Resources */ = {isa = PBXBuildFile; fileRef = 743998732F076E600065D382 /* Style.css */; };
		743998B22F076E610065D382 /* Style.css in Resources */ = {isa = PBXBuildFile; fileRef = 743998732F076E600065D382 /* Style.css */; };
		743998B32F076E610065D382 /* Script.js in Resources */ = {isa = PBXBuildFile; fileRef = 743998742F076E600065D382 /* Script.js */; };
		743998B42F076E610065D382 /* Script.js in Resources */ = {isa = PBXBuildFile; fileRef = 743998742F076E600065D382 /* Script.js */; };
		743998B52F076E610065D382 /* ViewController.swift in Sources */ = {isa = PBXBuildFile; fileRef = 743998752F076E600065D382 /* ViewController.swift */; };
		743998B62F076E610065D382 /* ViewController.swift in Sources */ = {isa = PBXBuildFile; fileRef = 743998752F076E600065D382 /* ViewController.swift */; };
		743998B72F076E610065D382 /* Assets.xcassets in Resources */ = {isa = PBXBuildFile; fileRef = 743998762F076E610065D382 /* Assets.xcassets */; };
		743998B82F076E610065D382 /* Assets.xcassets in Resources */ = {isa = PBXBuildFile; fileRef = 743998762F076E610065D382 /* Assets.xcassets */; };
		743998B92F076E610065D382 /* SafariWebExtensionHandler.swift in Sources */ = {isa = PBXBuildFile; fileRef = 743998782F076E610065D382 /* SafariWebExtensionHandler.swift */; };
		743998BA2F076E610065D382 /* SafariWebExtensionHandler.swift in Sources */ = {isa = PBXBuildFile; fileRef = 743998782F076E610065D382 /* SafariWebExtensionHandler.swift */; };
		743998D32F076E610065D382 /* background.js in Resources */ = {isa = PBXBuildFile; fileRef = 743998CC2F076E610065D382 /* background.js */; };
		743998D42F076E610065D382 /* images in Resources */ = {isa = PBXBuildFile; fileRef = 743998CD2F076E610065D382 /* images */; };
		743998D52F076E610065D382 /* options.js in Resources */ = {isa = PBXBuildFile; fileRef = 743998CE2F076E610065D382 /* options.js */; };
		743998D62F076E610065D382 /* manifest.json in Resources */ = {isa = PBXBuildFile; fileRef = 743998CF2F076E610065D382 /* manifest.json */; };
		743998D72F076E610065D382 /* options.html in Resources */ = {isa = PBXBuildFile; fileRef = 743998D02F076E610065D382 /* options.html */; };
		743998D82F076E610065D382 /* _locales in Resources */ = {isa = PBXBuildFile; fileRef = 743998D12F076E610065D382 /* _locales */; };
		743998D92F076E610065D382 /* content.js in Resources */ = {isa = PBXBuildFile; fileRef = 743998D22F076E610065D382 /* content.js */; };
		743998DA2F076E610065D382 /* background.js in Resources */ = {isa = PBXBuildFile; fileRef = 743998CC2F076E610065D382 /* background.js */; };
		743998DB2F076E610065D382 /* images in Resources */ = {isa = PBXBuildFile; fileRef = 743998CD2F076E610065D382 /* images */; };
		743998DC2F076E610065D382 /* options.js in Resources */ = {isa = PBXBuildFile; fileRef = 743998CE2F076E610065D382 /* options.js */; };
		743998DD2F076E610065D382 /* manifest.json in Resources */ = {isa = PBXBuildFile; fileRef = 743998CF2F076E610065D382 /* manifest.json */; };
		743998DE2F076E610065D382 /* options.html in Resources */ = {isa = PBXBuildFile; fileRef = 743998D02F076E610065D382 /* options.html */; };
		743998DF2F076E610065D382 /* _locales in Resources */ = {isa = PBXBuildFile; fileRef = 743998D12F076E610065D382 /* _locales */; };
		743998E02F076E610065D382 /* content.js in Resources */ = {isa = PBXBuildFile; fileRef = 743998D22F076E610065D382 /* content.js */; };
/* End PBXBuildFile section */

/* Begin PBXContainerItemProxy section */
		7439989E2F076E610065D382 /* PBXContainerItemProxy */ = {
			isa = PBXContainerItemProxy;
			containerPortal = 7439986A2F076E600065D382 /* Project object */;
			proxyType = 1;
			remoteGlobalIDString = 7439989B2F076E610065D382;
			remoteInfo = "XBookmarksOnly Extension (iOS)";
		};
		743998A82F076E610065D382 /* PBXContainerItemProxy */ = {
			isa = PBXContainerItemProxy;
			containerPortal = 7439986A2F076E600065D382 /* Project object */;
			proxyType = 1;
			remoteGlobalIDString = 743998A52F076E610065D382;
			remoteInfo = "XBookmarksOnly Extension (macOS)";
		};
/* End PBXContainerItemProxy section */

/* Begin PBXCopyFilesBuildPhase section */
		743998C02F076E610065D382 /* Embed Foundation Extensions */ = {
			isa = PBXCopyFilesBuildPhase;
			buildActionMask = 2147483647;
			dstPath = "";
			dstSubfolderSpec = 13;
			files = (
				7439989D2F076E610065D382 /* XBookmarksOnly Extension.appex in Embed Foundation Extensions */,
			);
			name = "Embed Foundation Extensions";
			runOnlyForDeploymentPostprocessing = 0;
		};
		743998C72F076E610065D382 /* Embed Foundation Extensions */ = {
			isa = PBXCopyFilesBuildPhase;
			buildActionMask = 2147483647;
			dstPath = "";
			dstSubfolderSpec = 13;
			files = (
				743998A72F076E610065D382 /* XBookmarksOnly Extension.appex in Embed Foundation Extensions */,
			);
			name = "Embed Foundation Extensions";
			runOnlyForDeploymentPostprocessing = 0;
		};
/* End PBXCopyFilesBuildPhase section */

/* Begin PBXFileReference section */
		743998712F076E600065D382 /* Base */ = {isa = PBXFileReference; lastKnownFileType = text.html; name = Base; path = Base.lproj/Main.html; sourceTree = "<group>"; };
		743998722F076E600065D382 /* Icon.png */ = {isa = PBXFileReference; lastKnownFileType = image.png; path = Icon.png; sourceTree = "<group>"; };
		743998732F076E600065D382 /* Style.css */ = {isa = PBXFileReference; lastKnownFileType = text.css; path = Style.css; sourceTree = "<group>"; };
		743998742F076E600065D382 /* Script.js */ = {isa = PBXFileReference; lastKnownFileType = sourcecode.javascript; path = Script.js; sourceTree = "<group>"; };
		743998752F076E600065D382 /* ViewController.swift */ = {isa = PBXFileReference; lastKnownFileType = sourcecode.swift; path = ViewController.swift; sourceTree = "<group>"; };
		743998762F076E610065D382 /* Assets.xcassets */ = {isa = PBXFileReference; lastKnownFileType = folder.assetcatalog; path = Assets.xcassets; sourceTree = "<group>"; };
		743998782F076E610065D382 /* SafariWebExtensionHandler.swift */ = {isa = PBXFileReference; lastKnownFileType = sourcecode.swift; path = SafariWebExtensionHandler.swift; sourceTree = "<group>"; };
		7439987D2F076E610065D382 /* XBookmarksOnly.app */ = {isa = PBXFileReference; explicitFileType = wrapper.application; includeInIndex = 0; path = XBookmarksOnly.app; sourceTree = BUILT_PRODUCTS_DIR; };
		743998802F076E610065D382 /* AppDelegate.swift */ = {isa = PBXFileReference; lastKnownFileType = sourcecode.swift; path = AppDelegate.swift; sourceTree = "<group>"; };
		743998822F076E610065D382 /* SceneDelegate.swift */ = {isa = PBXFileReference; lastKnownFileType = sourcecode.swift; path = SceneDelegate.swift; sourceTree = "<group>"; };
		743998852F076E610065D382 /* Base */ = {isa = PBXFileReference; lastKnownFileType = file.storyboard; name = Base; path = Base.lproj/LaunchScreen.storyboard; sourceTree = "<group>"; };
		743998882F076E610065D382 /* Base */ = {isa = PBXFileReference; lastKnownFileType = file.storyboard; name = Base; path = Base.lproj/Main.storyboard; sourceTree = "<group>"; };
		7439988A2F076E610065D382 /* Info.plist */ = {isa = PBXFileReference; lastKnownFileType = text.plist.xml; path = Info.plist; sourceTree = "<group>"; };
		7439988F2F076E610065D382 /* XBookmarksOnly.app */ = {isa = PBXFileReference; explicitFileType = wrapper.application; includeInIndex = 0; path = XBookmarksOnly.app; sourceTree = BUILT_PRODUCTS_DIR; };
		743998912F076E610065D382 /* AppDelegate.swift */ = {isa = PBXFileReference; lastKnownFileType = sourcecode.swift; path = AppDelegate.swift; sourceTree = "<group>"; };
		743998942F076E610065D382 /* Base */ = {isa = PBXFileReference; lastKnownFileType = file.storyboard; name = Base; path = Base.lproj/Main.storyboard; sourceTree = "<group>"; };
		743998962F076E610065D382 /* Info.plist */ = {isa = PBXFileReference; lastKnownFileType = text.plist.xml; path = Info.plist; sourceTree = "<group>"; };
		743998972F076E610065D382 /* XBookmarksOnly.entitlements */ = {isa = PBXFileReference; lastKnownFileType = text.plist.entitlements; path = XBookmarksOnly.entitlements; sourceTree = "<group>"; };
		7439989C2F076E610065D382 /* XBookmarksOnly Extension.appex */ = {isa = PBXFileReference; explicitFileType = "wrapper.app-extension"; includeInIndex = 0; path = "XBookmarksOnly Extension.appex"; sourceTree = BUILT_PRODUCTS_DIR; };
		743998A12F076E610065D382 /* Info.plist */ = {isa = PBXFileReference; lastKnownFileType = text.plist.xml; path = Info.plist; sourceTree = "<group>"; };
		743998A62F076E610065D382 /* XBookmarksOnly Extension.appex */ = {isa = PBXFileReference; explicitFileType = "wrapper.app-extension"; includeInIndex = 0; path = "XBookmarksOnly Extension.appex"; sourceTree = BUILT_PRODUCTS_DIR; };
		743998AB2F076E610065D382 /* Info.plist */ = {isa = PBXFileReference; lastKnownFileType = text.plist.xml; path = Info.plist; sourceTree = "<group>"; };
		743998AC2F076E610065D382 /* XBookmarksOnly.entitlements */ = {isa = PBXFileReference; lastKnownFileType = text.plist.entitlements; path = XBookmarksOnly.entitlements; sourceTree = "<group>"; };
		743998CC2F076E610065D382 /* background.js */ = {isa = PBXFileReference; lastKnownFileType = sourcecode.javascript; name = background.js; path = "../../XBookmarksOnly Extension/Resources/background.js"; sourceTree = "<group>"; };
		743998CD2F076E610065D382 /* images */ = {isa = PBXFileReference; lastKnownFileType = folder; name = images; path = "../../XBookmarksOnly Extension/Resources/images"; sourceTree = "<group>"; };
		743998CE2F076E610065D382 /* options.js */ = {isa = PBXFileReference; lastKnownFileType = sourcecode.javascript; name = options.js; path = "../../XBookmarksOnly Extension/Resources/options.js"; sourceTree = "<group>"; };
		743998CF2F076E610065D382 /* manifest.json */ = {isa = PBXFileReference; lastKnownFileType = text.json; name = manifest.json; path = "../../XBookmarksOnly Extension/Resources/manifest.json"; sourceTree = "<group>"; };
		743998D02F076E610065D382 /* options.html */ = {isa = PBXFileReference; lastKnownFileType = text.html; name = options.html; path = "../../XBookmarksOnly Extension/Resources/options.html"; sourceTree = "<group>"; };
		743998D12F076E610065D382 /* _locales */ = {isa = PBXFileReference; lastKnownFileType = folder; name = _locales; path = "../../XBookmarksOnly Extension/Resources/_locales"; sourceTree = "<group>"; };
		743998D22F076E610065D382 /* content.js */ = {isa = PBXFileReference; lastKnownFileType = sourcecode.javascript; name = content.js; path = "../../XBookmarksOnly Extension/Resources/content.js"; sourceTree = "<group>"; };
/* End PBXFileReference section */

/* Begin PBXFrameworksBuildPhase section */
		7439987A2F076E610065D382 /* Frameworks */ = {
			isa = PBXFrameworksBuildPhase;
			buildActionMask = 2147483647;
			files = (
			);
			runOnlyForDeploymentPostprocessing = 0;
		};
		7439988C2F076E610065D382 /* Frameworks */ = {
			isa = PBXFrameworksBuildPhase;
			buildActionMask = 2147483647;
			files = (
			);
			runOnlyForDeploymentPostprocessing = 0;
		};
		743998992F076E610065D382 /* Frameworks */ = {
			isa = PBXFrameworksBuildPhase;
			buildActionMask = 2147483647;
			files = (
			);
			runOnlyForDeploymentPostprocessing = 0;
		};
		743998A32F076E610065D382 /* Frameworks */ = {
			isa = PBXFrameworksBuildPhase;
			buildActionMask = 2147483647;
			files = (
			);
			runOnlyForDeploymentPostprocessing = 0;
		};
/* End PBXFrameworksBuildPhase section */

/* Begin PBXGroup section */
		743998692F076E600065D382 = {
			isa = PBXGroup;
			children = (
				7439986E2F076E600065D382 /* Shared (App) */,
				743998772F076E610065D382 /* Shared (Extension) */,
				7439987F2F076E610065D382 /* iOS (App) */,
				743998902F076E610065D382 /* macOS (App) */,
				743998A02F076E610065D382 /* iOS (Extension) */,
				743998AA2F076E610065D382 /* macOS (Extension) */,
				7439987E2F076E610065D382 /* Products */,
			);
			sourceTree = "<group>";
		};
		7439986E2F076E600065D382 /* Shared (App) */ = {
			isa = PBXGroup;
			children = (
				743998752F076E600065D382 /* ViewController.swift */,
				743998762F076E610065D382 /* Assets.xcassets */,
				7439986F2F076E600065D382 /* Resources */,
			);
			path = "Shared (App)";
			sourceTree = "<group>";
		};
		7439986F2F076E600065D382 /* Resources */ = {
			isa = PBXGroup;
			children = (
				743998702F076E600065D382 /* Main.html */,
				743998722F076E600065D382 /* Icon.png */,
				743998732F076E600065D382 /* Style.css */,
				743998742F076E600065D382 /* Script.js */,
			);
			path = Resources;
			sourceTree = "<group>";
		};
		743998772F076E610065D382 /* Shared (Extension) */ = {
			isa = PBXGroup;
			children = (
				743998CB2F076E610065D382 /* Resources */,
				743998782F076E610065D382 /* SafariWebExtensionHandler.swift */,
			);
			path = "Shared (Extension)";
			sourceTree = "<group>";
		};
		7439987E2F076E610065D382 /* Products */ = {
			isa = PBXGroup;
			children = (
				7439987D2F076E610065D382 /* XBookmarksOnly.app */,
				7439988F2F076E610065D382 /* XBookmarksOnly.app */,
				7439989C2F076E610065D382 /* XBookmarksOnly Extension.appex */,
				743998A62F076E610065D382 /* XBookmarksOnly Extension.appex */,
			);
			name = Products;
			sourceTree = "<group>";
		};
		7439987F2F076E610065D382 /* iOS (App) */ = {
			isa = PBXGroup;
			children = (
				743998802F076E610065D382 /* AppDelegate.swift */,
				743998822F076E610065D382 /* SceneDelegate.swift */,
				743998842F076E610065D382 /* LaunchScreen.storyboard */,
				743998872F076E610065D382 /* Main.storyboard */,
				7439988A2F076E610065D382 /* Info.plist */,
			);
			path = "iOS (App)";
			sourceTree = "<group>";
		};
		743998902F076E610065D382 /* macOS (App) */ = {
			isa = PBXGroup;
			children = (
				743998912F076E610065D382 /* AppDelegate.swift */,
				743998932F076E610065D382 /* Main.storyboard */,
				743998962F076E610065D382 /* Info.plist */,
				743998972F076E610065D382 /* XBookmarksOnly.entitlements */,
			);
			path = "macOS (App)";
			sourceTree = "<group>";
		};
		743998A02F076E610065D382 /* iOS (Extension) */ = {
			isa = PBXGroup;
			children = (
				743998A12F076E610065D382 /* Info.plist */,
			);
			path = "iOS (Extension)";
			sourceTree = "<group>";
		};
		743998AA2F076E610065D382 /* macOS (Extension) */ = {
			isa = PBXGroup;
			children = (
				743998AB2F076E610065D382 /* Info.plist */,
				743998AC2F076E610065D382 /* XBookmarksOnly.entitlements */,
			);
			path = "macOS (Extension)";
			sourceTree = "<group>";
		};
		743998CB2F076E610065D382 /* Resources */ = {
			isa = PBXGroup;
			children = (
				743998CC2F076E610065D382 /* background.js */,
				743998CD2F076E610065D382 /* images */,
				743998CE2F076E610065D382 /* options.js */,
				743998CF2F076E610065D382 /* manifest.json */,
				743998D02F076E610065D382 /* options.html */,
				743998D12F076E610065D382 /* _locales */,
				743998D22F076E610065D382 /* content.js */,
			);
			name = Resources;
			path = "Shared (Extension)";
			sourceTree = SOURCE_ROOT;
		};
/* End PBXGroup section */

/* Begin PBXNativeTarget section */
		7439987C2F076E610065D382 /* XBookmarksOnly (iOS) */ = {
			isa = PBXNativeTarget;
			buildConfigurationList = 743998C12F076E610065D382 /* Build configuration list for PBXNativeTarget "XBookmarksOnly (iOS)" */;
			buildPhases = (
				743998792F076E610065D382 /* Sources */,
				7439987A2F076E610065D382 /* Frameworks */,
				7439987B2F076E610065D382 /* Resources */,
				743998C02F076E610065D382 /* Embed Foundation Extensions */,
			);
			buildRules = (
			);
			dependencies = (
				7439989F2F076E610065D382 /* PBXTargetDependency */,
			);
			name = "XBookmarksOnly (iOS)";
			packageProductDependencies = (
			);
			productName = "XBookmarksOnly (iOS)";
			productReference = 7439987D2F076E610065D382 /* XBookmarksOnly.app */;
			productType = "com.apple.product-type.application";
		};
		7439988E2F076E610065D382 /* XBookmarksOnly (macOS) */ = {
			isa = PBXNativeTarget;
			buildConfigurationList = 743998C82F076E610065D382 /* Build configuration list for PBXNativeTarget "XBookmarksOnly (macOS)" */;
			buildPhases = (
				7439988B2F076E610065D382 /* Sources */,
				7439988C2F076E610065D382 /* Frameworks */,
				7439988D2F076E610065D382 /* Resources */,
				743998C72F076E610065D382 /* Embed Foundation Extensions */,
			);
			buildRules = (
			);
			dependencies = (
				743998A92F076E610065D382 /* PBXTargetDependency */,
			);
			name = "XBookmarksOnly (macOS)";
			packageProductDependencies = (
			);
			productName = "XBookmarksOnly (macOS)";
			productReference = 7439988F2F076E610065D382 /* XBookmarksOnly.app */;
			productType = "com.apple.product-type.application";
		};
		7439989B2F076E610065D382 /* XBookmarksOnly Extension (iOS) */ = {
			isa = PBXNativeTarget;
			buildConfigurationList = 743998BD2F076E610065D382 /* Build configuration list for PBXNativeTarget "XBookmarksOnly Extension (iOS)" */;
			buildPhases = (
				743998982F076E610065D382 /* Sources */,
				743998992F076E610065D382 /* Frameworks */,
				7439989A2F076E610065D382 /* Resources */,
			);
			buildRules = (
			);
			dependencies = (
			);
			name = "XBookmarksOnly Extension (iOS)";
			packageProductDependencies = (
			);
			productName = "XBookmarksOnly Extension (iOS)";
			productReference = 7439989C2F076E610065D382 /* XBookmarksOnly Extension.appex */;
			productType = "com.apple.product-type.app-extension";
		};
		743998A52F076E610065D382 /* XBookmarksOnly Extension (macOS) */ = {
			isa = PBXNativeTarget;
			buildConfigurationList = 743998C42F076E610065D382 /* Build configuration list for PBXNativeTarget "XBookmarksOnly Extension (macOS)" */;
			buildPhases = (
				743998A22F076E610065D382 /* Sources */,
				743998A32F076E610065D382 /* Frameworks */,
				743998A42F076E610065D382 /* Resources */,
			);
			buildRules = (
			);
			dependencies = (
			);
			name = "XBookmarksOnly Extension (macOS)";
			packageProductDependencies = (
			);
			productName = "XBookmarksOnly Extension (macOS)";
			productReference = 743998A62F076E610065D382 /* XBookmarksOnly Extension.appex */;
			productType = "com.apple.product-type.app-extension";
		};
/* End PBXNativeTarget section */

/* Begin PBXProject section */
		7439986A2F076E600065D382 /* Project object */ = {
			isa = PBXProject;
			attributes = {
				BuildIndependentTargetsInParallel = 1;
				LastSwiftUpdateCheck = 1630;
				LastUpgradeCheck = 1630;
				TargetAttributes = {
					7439987C2F076E610065D382 = {
						CreatedOnToolsVersion = 16.3;
					};
					7439988E2F076E610065D382 = {
						CreatedOnToolsVersion = 16.3;
					};
					7439989B2F076E610065D382 = {
						CreatedOnToolsVersion = 16.3;
					};
					743998A52F076E610065D382 = {
						CreatedOnToolsVersion = 16.3;
					};
				};
			};
			buildConfigurationList = 7439986D2F076E600065D382 /* Build configuration list for PBXProject "XBookmarksOnly" */;
			developmentRegion = en;
			hasScannedForEncodings = 0;
			knownRegions = (
				en,
				Base,
			);
			mainGroup = 743998692F076E600065D382;
			minimizedProjectReferenceProxies = 1;
			preferredProjectObjectVersion = 77;
			productRefGroup = 7439987E2F076E610065D382 /* Products */;
			projectDirPath = "";
			projectRoot = "";
			targets = (
				7439987C2F076E610065D382 /* XBookmarksOnly (iOS) */,
				7439988E2F076E610065D382 /* XBookmarksOnly (macOS) */,
				7439989B2F076E610065D382 /* XBookmarksOnly Extension (iOS) */,
				743998A52F076E610065D382 /* XBookmarksOnly Extension (macOS) */,
			);
		};
/* End PBXProject section */

/* Begin PBXResourcesBuildPhase section */
		7439987B2F076E610065D382 /* Resources */ = {
			isa = PBXResourcesBuildPhase;
			buildActionMask = 2147483647;
			files = (
				743998AF2F076E610065D382 /* Icon.png in Resources */,
				743998862F076E610065D382 /* LaunchScreen.storyboard in Resources */,
				743998AD2F076E610065D382 /* Main.html in Resources */,
				743998B32F076E610065D382 /* Script.js in Resources */,
				743998B72F076E610065D382 /* Assets.xcassets in Resources */,
				743998892F076E610065D382 /* Main.storyboard in Resources */,
				743998B12F076E610065D382 /* Style.css in Resources */,
			);
			runOnlyForDeploymentPostprocessing = 0;
		};
		7439988D2F076E610065D382 /* Resources */ = {
			isa = PBXResourcesBuildPhase;
			buildActionMask = 2147483647;
			files = (
				743998B02F076E610065D382 /* Icon.png in Resources */,
				743998B22F076E610065D382 /* Style.css in Resources */,
				743998952F076E610065D382 /* Main.storyboard in Resources */,
				743998B42F076E610065D382 /* Script.js in Resources */,
				743998B82F076E610065D382 /* Assets.xcassets in Resources */,
				743998AE2F076E610065D382 /* Main.html in Resources */,
			);
			runOnlyForDeploymentPostprocessing = 0;
		};
		7439989A2F076E610065D382 /* Resources */ = {
			isa = PBXResourcesBuildPhase;
			buildActionMask = 2147483647;
			files = (
				743998DF2F076E610065D382 /* _locales in Resources */,
				743998DD2F076E610065D382 /* manifest.json in Resources */,
				743998DB2F076E610065D382 /* images in Resources */,
				743998DE2F076E610065D382 /* options.html in Resources */,
				743998DC2F076E610065D382 /* options.js in Resources */,
				743998E02F076E610065D382 /* content.js in Resources */,
				743998DA2F076E610065D382 /* background.js in Resources */,
			);
			runOnlyForDeploymentPostprocessing = 0;
		};
		743998A42F076E610065D382 /* Resources */ = {
			isa = PBXResourcesBuildPhase;
			buildActionMask = 2147483647;
			files = (
				743998D82F076E610065D382 /* _locales in Resources */,
				743998D62F076E610065D382 /* manifest.json in Resources */,
				743998D42F076E610065D382 /* images in Resources */,
				743998D72F076E610065D382 /* options.html in Resources */,
				743998D52F076E610065D382 /* options.js in Resources */,
				743998D92F076E610065D382 /* content.js in Resources */,
				743998D32F076E610065D382 /* background.js in Resources */,
			);
			runOnlyForDeploymentPostprocessing = 0;
		};
/* End PBXResourcesBuildPhase section */

/* Begin PBXSourcesBuildPhase section */
		743998792F076E610065D382 /* Sources */ = {
			isa = PBXSourcesBuildPhase;
			buildActionMask = 2147483647;
			files = (
				743998B52F076E610065D382 /* ViewController.swift in Sources */,
				743998812F076E610065D382 /* AppDelegate.swift in Sources */,
				743998832F076E610065D382 /* SceneDelegate.swift in Sources */,
			);
			runOnlyForDeploymentPostprocessing = 0;
		};
		7439988B2F076E610065D382 /* Sources */ = {
			isa = PBXSourcesBuildPhase;
			buildActionMask = 2147483647;
			files = (
				743998B62F076E610065D382 /* ViewController.swift in Sources */,
				743998922F076E610065D382 /* AppDelegate.swift in Sources */,
			);
			runOnlyForDeploymentPostprocessing = 0;
		};
		743998982F076E610065D382 /* Sources */ = {
			isa = PBXSourcesBuildPhase;
			buildActionMask = 2147483647;
			files = (
				743998B92F076E610065D382 /* SafariWebExtensionHandler.swift in Sources */,
			);
			runOnlyForDeploymentPostprocessing = 0;
		};
		743998A22F076E610065D382 /* Sources */ = {
			isa = PBXSourcesBuildPhase;
			buildActionMask = 2147483647;
			files = (
				743998BA2F076E610065D382 /* SafariWebExtensionHandler.swift in Sources */,
			);
			runOnlyForDeploymentPostprocessing = 0;
		};
/* End PBXSourcesBuildPhase section */

/* Begin PBXTargetDependency section */
		7439989F2F076E610065D382 /* PBXTargetDependency */ = {
			isa = PBXTargetDependency;
			target = 7439989B2F076E610065D382 /* XBookmarksOnly Extension (iOS) */;
			targetProxy = 7439989E2F076E610065D382 /* PBXContainerItemProxy */;
		};
		743998A92F076E610065D382 /* PBXTargetDependency */ = {
			isa = PBXTargetDependency;
			target = 743998A52F076E610065D382 /* XBookmarksOnly Extension (macOS) */;
			targetProxy = 743998A82F076E610065D382 /* PBXContainerItemProxy */;
		};
/* End PBXTargetDependency section */

/* Begin PBXVariantGroup section */
		743998702F076E600065D382 /* Main.html */ = {
			isa = PBXVariantGroup;
			children = (
				743998712F076E600065D382 /* Base */,
			);
			name = Main.html;
			sourceTree = "<group>";
		};
		743998842F076E610065D382 /* LaunchScreen.storyboard */ = {
			isa = PBXVariantGroup;
			children = (
				743998852F076E610065D382 /* Base */,
			);
			name = LaunchScreen.storyboard;
			sourceTree = "<group>";
		};
		743998872F076E610065D382 /* Main.storyboard */ = {
			isa = PBXVariantGroup;
			children = (
				743998882F076E610065D382 /* Base */,
			);
			name = Main.storyboard;
			sourceTree = "<group>";
		};
		743998932F076E610065D382 /* Main.storyboard */ = {
			isa = PBXVariantGroup;
			children = (
				743998942F076E610065D382 /* Base */,
			);
			name = Main.storyboard;
			sourceTree = "<group>";
		};
/* End PBXVariantGroup section */

/* Begin XCBuildConfiguration section */
		743998BB2F076E610065D382 /* Debug */ = {
			isa = XCBuildConfiguration;
			buildSettings = {
				ALWAYS_SEARCH_USER_PATHS = NO;
				ASSETCATALOG_COMPILER_GENERATE_SWIFT_ASSET_SYMBOL_EXTENSIONS = YES;
				CLANG_ANALYZER_NONNULL = YES;
				CLANG_ANALYZER_NUMBER_OBJECT_CONVERSION = YES_AGGRESSIVE;
				CLANG_CXX_LANGUAGE_STANDARD = "gnu++20";
				CLANG_ENABLE_MODULES = YES;
				CLANG_ENABLE_OBJC_ARC = YES;
				CLANG_ENABLE_OBJC_WEAK = YES;
				CLANG_WARN_BLOCK_CAPTURE_AUTORELEASING = YES;
				CLANG_WARN_BOOL_CONVERSION = YES;
				CLANG_WARN_COMMA = YES;
				CLANG_WARN_CONSTANT_CONVERSION = YES;
				CLANG_WARN_DEPRECATED_OBJC_IMPLEMENTATIONS = YES;
				CLANG_WARN_DIRECT_OBJC_ISA_USAGE = YES_ERROR;
				CLANG_WARN_DOCUMENTATION_COMMENTS = YES;
				CLANG_WARN_EMPTY_BODY = YES;
				CLANG_WARN_ENUM_CONVERSION = YES;
				CLANG_WARN_INFINITE_RECURSION = YES;
				CLANG_WARN_INT_CONVERSION = YES;
				CLANG_WARN_NON_LITERAL_NULL_CONVERSION = YES;
				CLANG_WARN_OBJC_IMPLICIT_RETAIN_SELF = YES;
				CLANG_WARN_OBJC_LITERAL_CONVERSION = YES;
				CLANG_WARN_OBJC_ROOT_CLASS = YES_ERROR;
				CLANG_WARN_QUOTED_INCLUDE_IN_FRAMEWORK_HEADER = YES;
				CLANG_WARN_RANGE_LOOP_ANALYSIS = YES;
				CLANG_WARN_STRICT_PROTOTYPES = YES;
				CLANG_WARN_SUSPICIOUS_MOVE = YES;
				CLANG_WARN_UNGUARDED_AVAILABILITY = YES_AGGRESSIVE;
				CLANG_WARN_UNREACHABLE_CODE = YES;
				CLANG_WARN__DUPLICATE_METHOD_MATCH = YES;
				COPY_PHASE_STRIP = NO;
				DEBUG_INFORMATION_FORMAT = dwarf;
				ENABLE_STRICT_OBJC_MSGSEND = YES;
				ENABLE_TESTABILITY = YES;
				ENABLE_USER_SCRIPT_SANDBOXING = YES;
				GCC_C_LANGUAGE_STANDARD = gnu17;
				GCC_DYNAMIC_NO_PIC = NO;
				GCC_NO_COMMON_BLOCKS = YES;
				GCC_OPTIMIZATION_LEVEL = 0;
				GCC_PREPROCESSOR_DEFINITIONS = (
					"DEBUG=1",
					"$(inherited)",
				);
				GCC_WARN_64_TO_32_BIT_CONVERSION = YES;
				GCC_WARN_ABOUT_RETURN_TYPE = YES_ERROR;
				GCC_WARN_UNDECLARED_SELECTOR = YES;
				GCC_WARN_UNINITIALIZED_AUTOS = YES_AGGRESSIVE;
				GCC_WARN_UNUSED_FUNCTION = YES;
				GCC_WARN_UNUSED_VARIABLE = YES;
				LOCALIZATION_PREFERS_STRING_CATALOGS = YES;
				MTL_ENABLE_DEBUG_INFO = INCLUDE_SOURCE;
				MTL_FAST_MATH = YES;
				ONLY_ACTIVE_ARCH = YES;
				SWIFT_ACTIVE_COMPILATION_CONDITIONS = "DEBUG $(inherited)";
				SWIFT_OPTIMIZATION_LEVEL = "-Onone";
			};
			name = Debug;
		};
		743998BC2F076E610065D382 /* Release */ = {
			isa = XCBuildConfiguration;
			buildSettings = {
				ALWAYS_SEARCH_USER_PATHS = NO;
				ASSETCATALOG_COMPILER_GENERATE_SWIFT_ASSET_SYMBOL_EXTENSIONS = YES;
				CLANG_ANALYZER_NONNULL = YES;
				CLANG_ANALYZER_NUMBER_OBJECT_CONVERSION = YES_AGGRESSIVE;
				CLANG_CXX_LANGUAGE_STANDARD = "gnu++20";
				CLANG_ENABLE_MODULES = YES;
				CLANG_ENABLE_OBJC_ARC = YES;
				CLANG_ENABLE_OBJC_WEAK = YES;
				CLANG_WARN_BLOCK_CAPTURE_AUTORELEASING = YES;
				CLANG_WARN_BOOL_CONVERSION = YES;
				CLANG_WARN_COMMA = YES;
				CLANG_WARN_CONSTANT_CONVERSION = YES;
				CLANG_WARN_DEPRECATED_OBJC_IMPLEMENTATIONS = YES;
				CLANG_WARN_DIRECT_OBJC_ISA_USAGE = YES_ERROR;
				CLANG_WARN_DOCUMENTATION_COMMENTS = YES;
				CLANG_WARN_EMPTY_BODY = YES;
				CLANG_WARN_ENUM_CONVERSION = YES;
				CLANG_WARN_INFINITE_RECURSION = YES;
				CLANG_WARN_INT_CONVERSION = YES;
				CLANG_WARN_NON_LITERAL_NULL_CONVERSION = YES;
				CLANG_WARN_OBJC_IMPLICIT_RETAIN_SELF = YES;
				CLANG_WARN_OBJC_LITERAL_CONVERSION = YES;
				CLANG_WARN_OBJC_ROOT_CLASS = YES_ERROR;
				CLANG_WARN_QUOTED_INCLUDE_IN_FRAMEWORK_HEADER = YES;
				CLANG_WARN_RANGE_LOOP_ANALYSIS = YES;
				CLANG_WARN_STRICT_PROTOTYPES = YES;
				CLANG_WARN_SUSPICIOUS_MOVE = YES;
				CLANG_WARN_UNGUARDED_AVAILABILITY = YES_AGGRESSIVE;
				CLANG_WARN_UNREACHABLE_CODE = YES;
				CLANG_WARN__DUPLICATE_METHOD_MATCH = YES;
				COPY_PHASE_STRIP = NO;
				DEBUG_INFORMATION_FORMAT = "dwarf-with-dsym";
				ENABLE_NS_ASSERTIONS = NO;
				ENABLE_STRICT_OBJC_MSGSEND = YES;
				ENABLE_USER_SCRIPT_SANDBOXING = YES;
				GCC_C_LANGUAGE_STANDARD = gnu17;
				GCC_NO_COMMON_BLOCKS = YES;
				GCC_WARN_64_TO_32_BIT_CONVERSION = YES;
				GCC_WARN_ABOUT_RETURN_TYPE = YES_ERROR;
				GCC_WARN_UNDECLARED_SELECTOR = YES;
				GCC_WARN_UNINITIALIZED_AUTOS = YES_AGGRESSIVE;
				GCC_WARN_UNUSED_FUNCTION = YES;
				GCC_WARN_UNUSED_VARIABLE = YES;
				LOCALIZATION_PREFERS_STRING_CATALOGS = YES;
				MTL_ENABLE_DEBUG_INFO = NO;
				MTL_FAST_MATH = YES;
				SWIFT_COMPILATION_MODE = wholemodule;
			};
			name = Release;
		};
		743998BE2F076E610065D382 /* Debug */ = {
			isa = XCBuildConfiguration;
			buildSettings = {
				CODE_SIGN_STYLE = Automatic;
				CURRENT_PROJECT_VERSION = 1;
				GENERATE_INFOPLIST_FILE = YES;
				INFOPLIST_FILE = "iOS (Extension)/Info.plist";
				INFOPLIST_KEY_CFBundleDisplayName = "XBookmarksOnly Extension";
				INFOPLIST_KEY_NSHumanReadableCopyright = "";
				IPHONEOS_DEPLOYMENT_TARGET = 15.0;
				LD_RUNPATH_SEARCH_PATHS = (
					"$(inherited)",
					"@executable_path/Frameworks",
					"@executable_path/../../Frameworks",
				);
				MARKETING_VERSION = 1.0;
				OTHER_LDFLAGS = (
					"-framework",
					SafariServices,
				);
				PRODUCT_BUNDLE_IDENTIFIER = com.local.XBookmarksOnly.Extension;
				PRODUCT_NAME = "XBookmarksOnly Extension";
				SDKROOT = iphoneos;
				SKIP_INSTALL = YES;
				SWIFT_EMIT_LOC_STRINGS = YES;
				SWIFT_VERSION = 5.0;
				TARGETED_DEVICE_FAMILY = "1,2";
			};
			name = Debug;
		};
		743998BF2F076E610065D382 /* Release */ = {
			isa = XCBuildConfiguration;
			buildSettings = {
				CODE_SIGN_STYLE = Automatic;
				CURRENT_PROJECT_VERSION = 1;
				GENERATE_INFOPLIST_FILE = YES;
				INFOPLIST_FILE = "iOS (Extension)/Info.plist";
				INFOPLIST_KEY_CFBundleDisplayName = "XBookmarksOnly Extension";
				INFOPLIST_KEY_NSHumanReadableCopyright = "";
				IPHONEOS_DEPLOYMENT_TARGET = 15.0;
				LD_RUNPATH_SEARCH_PATHS = (
					"$(inherited)",
					"@executable_path/Frameworks",
					"@executable_path/../../Frameworks",
				);
				MARKETING_VERSION = 1.0;
				OTHER_LDFLAGS = (
					"-framework",
					SafariServices,
				);
				PRODUCT_BUNDLE_IDENTIFIER = com.local.XBookmarksOnly.Extension;
				PRODUCT_NAME = "XBookmarksOnly Extension";
				SDKROOT = iphoneos;
				SKIP_INSTALL = YES;
				SWIFT_EMIT_LOC_STRINGS = YES;
				SWIFT_VERSION = 5.0;
				TARGETED_DEVICE_FAMILY = "1,2";
				VALIDATE_PRODUCT = YES;
			};
			name = Release;
		};
		743998C22F076E610065D382 /* Debug */ = {
			isa = XCBuildConfiguration;
			buildSettings = {
				ASSETCATALOG_COMPILER_APPICON_NAME = AppIcon;
				ASSETCATALOG_COMPILER_GLOBAL_ACCENT_COLOR_NAME = AccentColor;
				CODE_SIGN_STYLE = Automatic;
				CURRENT_PROJECT_VERSION = 1;
				GENERATE_INFOPLIST_FILE = YES;
				INFOPLIST_FILE = "iOS (App)/Info.plist";
				INFOPLIST_KEY_CFBundleDisplayName = XBookmarksOnly;
				INFOPLIST_KEY_UIApplicationSupportsIndirectInputEvents = YES;
				INFOPLIST_KEY_UILaunchStoryboardName = LaunchScreen;
				INFOPLIST_KEY_UIMainStoryboardFile = Main;
				INFOPLIST_KEY_UISupportedInterfaceOrientations = "UIInterfaceOrientationPortrait UIInterfaceOrientationLandscapeLeft UIInterfaceOrientationLandscapeRight";
				INFOPLIST_KEY_UISupportedInterfaceOrientations_iPad = "UIInterfaceOrientationPortrait UIInterfaceOrientationPortraitUpsideDown UIInterfaceOrientationLandscapeLeft UIInterfaceOrientationLandscapeRight";
				IPHONEOS_DEPLOYMENT_TARGET = 15.0;
				LD_RUNPATH_SEARCH_PATHS = (
					"$(inherited)",
					"@executable_path/Frameworks",
				);
				MARKETING_VERSION = 1.0;
				OTHER_LDFLAGS = (
					"-framework",
					SafariServices,
					"-framework",
					WebKit,
				);
				PRODUCT_BUNDLE_IDENTIFIER = com.local.XBookmarksOnly;
				PRODUCT_NAME = XBookmarksOnly;
				SDKROOT = iphoneos;
				SWIFT_EMIT_LOC_STRINGS = YES;
				SWIFT_VERSION = 5.0;
				TARGETED_DEVICE_FAMILY = "1,2";
			};
			name = Debug;
		};
		743998C32F076E610065D382 /* Release */ = {
			isa = XCBuildConfiguration;
			buildSettings = {
				ASSETCATALOG_COMPILER_APPICON_NAME = AppIcon;
				ASSETCATALOG_COMPILER_GLOBAL_ACCENT_COLOR_NAME = AccentColor;
				CODE_SIGN_STYLE = Automatic;
				CURRENT_PROJECT_VERSION = 1;
				GENERATE_INFOPLIST_FILE = YES;
				INFOPLIST_FILE = "iOS (App)/Info.plist";
				INFOPLIST_KEY_CFBundleDisplayName = XBookmarksOnly;
				INFOPLIST_KEY_UIApplicationSupportsIndirectInputEvents = YES;
				INFOPLIST_KEY_UILaunchStoryboardName = LaunchScreen;
				INFOPLIST_KEY_UIMainStoryboardFile = Main;
				INFOPLIST_KEY_UISupportedInterfaceOrientations = "UIInterfaceOrientationPortrait UIInterfaceOrientationLandscapeLeft UIInterfaceOrientationLandscapeRight";
				INFOPLIST_KEY_UISupportedInterfaceOrientations_iPad = "UIInterfaceOrientationPortrait UIInterfaceOrientationPortraitUpsideDown UIInterfaceOrientationLandscapeLeft UIInterfaceOrientationLandscapeRight";
				IPHONEOS_DEPLOYMENT_TARGET = 15.0;
				LD_RUNPATH_SEARCH_PATHS = (
					"$(inherited)",
					"@executable_path/Frameworks",
				);
				MARKETING_VERSION = 1.0;
				OTHER_LDFLAGS = (
					"-framework",
					SafariServices,
					"-framework",
					WebKit,
				);
				PRODUCT_BUNDLE_IDENTIFIER = com.local.XBookmarksOnly;
				PRODUCT_NAME = XBookmarksOnly;
				SDKROOT = iphoneos;
				SWIFT_EMIT_LOC_STRINGS = YES;
				SWIFT_VERSION = 5.0;
				TARGETED_DEVICE_FAMILY = "1,2";
				VALIDATE_PRODUCT = YES;
			};
			name = Release;
		};
		743998C52F076E610065D382 /* Debug */ = {
			isa = XCBuildConfiguration;
			buildSettings = {
				CODE_SIGN_ENTITLEMENTS = "macOS (Extension)/XBookmarksOnly.entitlements";
				CODE_SIGN_STYLE = Automatic;
				CURRENT_PROJECT_VERSION = 1;
				ENABLE_HARDENED_RUNTIME = YES;
				GENERATE_INFOPLIST_FILE = YES;
				INFOPLIST_FILE = "macOS (Extension)/Info.plist";
				INFOPLIST_KEY_CFBundleDisplayName = "XBookmarksOnly Extension";
				INFOPLIST_KEY_NSHumanReadableCopyright = "";
				LD_RUNPATH_SEARCH_PATHS = (
					"$(inherited)",
					"@executable_path/../Frameworks",
					"@executable_path/../../../../Frameworks",
				);
				MACOSX_DEPLOYMENT_TARGET = 10.14;
				MARKETING_VERSION = 1.0;
				OTHER_LDFLAGS = (
					"-framework",
					SafariServices,
				);
				PRODUCT_BUNDLE_IDENTIFIER = com.local.XBookmarksOnly.Extension;
				PRODUCT_NAME = "XBookmarksOnly Extension";
				SDKROOT = macosx;
				SKIP_INSTALL = YES;
				SWIFT_EMIT_LOC_STRINGS = YES;
				SWIFT_VERSION = 5.0;
			};
			name = Debug;
		};
		743998C62F076E610065D382 /* Release */ = {
			isa = XCBuildConfiguration;
			buildSettings = {
				CODE_SIGN_ENTITLEMENTS = "macOS (Extension)/XBookmarksOnly.entitlements";
				CODE_SIGN_STYLE = Automatic;
				CURRENT_PROJECT_VERSION = 1;
				ENABLE_HARDENED_RUNTIME = YES;
				GENERATE_INFOPLIST_FILE = YES;
				INFOPLIST_FILE = "macOS (Extension)/Info.plist";
				INFOPLIST_KEY_CFBundleDisplayName = "XBookmarksOnly Extension";
				INFOPLIST_KEY_NSHumanReadableCopyright = "";
				LD_RUNPATH_SEARCH_PATHS = (
					"$(inherited)",
					"@executable_path/../Frameworks",
					"@executable_path/../../../../Frameworks",
				);
				MACOSX_DEPLOYMENT_TARGET = 10.14;
				MARKETING_VERSION = 1.0;
				OTHER_LDFLAGS = (
					"-framework",
					SafariServices,
				);
				PRODUCT_BUNDLE_IDENTIFIER = com.local.XBookmarksOnly.Extension;
				PRODUCT_NAME = "XBookmarksOnly Extension";
				SDKROOT = macosx;
				SKIP_INSTALL = YES;
				SWIFT_EMIT_LOC_STRINGS = YES;
				SWIFT_VERSION = 5.0;
			};
			name = Release;
		};
		743998C92F076E610065D382 /* Debug */ = {
			isa = XCBuildConfiguration;
			buildSettings = {
				ASSETCATALOG_COMPILER_APPICON_NAME = AppIcon;
				ASSETCATALOG_COMPILER_GLOBAL_ACCENT_COLOR_NAME = AccentColor;
				CODE_SIGN_ENTITLEMENTS = "macOS (App)/XBookmarksOnly.entitlements";
				CODE_SIGN_STYLE = Automatic;
				CURRENT_PROJECT_VERSION = 1;
				ENABLE_HARDENED_RUNTIME = YES;
				GENERATE_INFOPLIST_FILE = YES;
				INFOPLIST_FILE = "macOS (App)/Info.plist";
				INFOPLIST_KEY_CFBundleDisplayName = XBookmarksOnly;
				INFOPLIST_KEY_NSMainStoryboardFile = Main;
				INFOPLIST_KEY_NSPrincipalClass = NSApplication;
				LD_RUNPATH_SEARCH_PATHS = (
					"$(inherited)",
					"@executable_path/../Frameworks",
				);
				MACOSX_DEPLOYMENT_TARGET = 10.14;
				MARKETING_VERSION = 1.0;
				OTHER_LDFLAGS = (
					"-framework",
					SafariServices,
					"-framework",
					WebKit,
				);
				PRODUCT_BUNDLE_IDENTIFIER = com.local.XBookmarksOnly;
				PRODUCT_NAME = XBookmarksOnly;
				REGISTER_APP_GROUPS = YES;
				SDKROOT = macosx;
				SWIFT_EMIT_LOC_STRINGS = YES;
				SWIFT_VERSION = 5.0;
			};
			name = Debug;
		};
		743998CA2F076E610065D382 /* Release */ = {
			isa = XCBuildConfiguration;
			buildSettings = {
				ASSETCATALOG_COMPILER_APPICON_NAME = AppIcon;
				ASSETCATALOG_COMPILER_GLOBAL_ACCENT_COLOR_NAME = AccentColor;
				CODE_SIGN_ENTITLEMENTS = "macOS (App)/XBookmarksOnly.entitlements";
				CODE_SIGN_STYLE = Automatic;
				CURRENT_PROJECT_VERSION = 1;
				ENABLE_HARDENED_RUNTIME = YES;
				GENERATE_INFOPLIST_FILE = YES;
				INFOPLIST_FILE = "macOS (App)/Info.plist";
				INFOPLIST_KEY_CFBundleDisplayName = XBookmarksOnly;
				INFOPLIST_KEY_NSMainStoryboardFile = Main;
				INFOPLIST_KEY_NSPrincipalClass = NSApplication;
				LD_RUNPATH_SEARCH_PATHS = (
					"$(inherited)",
					"@executable_path/../Frameworks",
				);
				MACOSX_DEPLOYMENT_TARGET = 10.14;
				MARKETING_VERSION = 1.0;
				OTHER_LDFLAGS = (
					"-framework",
					SafariServices,
					"-framework",
					WebKit,
				);
				PRODUCT_BUNDLE_IDENTIFIER = com.local.XBookmarksOnly;
				PRODUCT_NAME = XBookmarksOnly;
				REGISTER_APP_GROUPS = YES;
				SDKROOT = macosx;
				SWIFT_EMIT_LOC_STRINGS = YES;
				SWIFT_VERSION = 5.0;
			};
			name = Release;
		};
/* End XCBuildConfiguration section */

/* Begin XCConfigurationList section */
		7439986D2F076E600065D382 /* Build configuration list for PBXProject "XBookmarksOnly" */ = {
			isa = XCConfigurationList;
			buildConfigurations = (
				743998BB2F076E610065D382 /* Debug */,
				743998BC2F076E610065D382 /* Release */,
			);
			defaultConfigurationIsVisible = 0;
			defaultConfigurationName = Release;
		};
		743998BD2F076E610065D382 /* Build configuration list for PBXNativeTarget "XBookmarksOnly Extension (iOS)" */ = {
			isa = XCConfigurationList;
			buildConfigurations = (
				743998BE2F076E610065D382 /* Debug */,
				743998BF2F076E610065D382 /* Release */,
			);
			defaultConfigurationIsVisible = 0;
			defaultConfigurationName = Release;
		};
		743998C12F076E610065D382 /* Build configuration list for PBXNativeTarget "XBookmarksOnly (iOS)" */ = {
			isa = XCConfigurationList;
			buildConfigurations = (
				743998C22F076E610065D382 /* Debug */,
				743998C32F076E610065D382 /* Release */,
			);
			defaultConfigurationIsVisible = 0;
			defaultConfigurationName = Release;
		};
		743998C42F076E610065D382 /* Build configuration list for PBXNativeTarget "XBookmarksOnly Extension (macOS)" */ = {
			isa = XCConfigurationList;
			buildConfigurations = (
				743998C52F076E610065D382 /* Debug */,
				743998C62F076E610065D382 /* Release */,
			);
			defaultConfigurationIsVisible = 0;
			defaultConfigurationName = Release;
		};
		743998C82F076E610065D382 /* Build configuration list for PBXNativeTarget "XBookmarksOnly (macOS)" */ = {
			isa = XCConfigurationList;
			buildConfigurations = (
				743998C92F076E610065D382 /* Debug */,
				743998CA2F076E610065D382 /* Release */,
			);
			defaultConfigurationIsVisible = 0;
			defaultConfigurationName = Release;
		};
/* End XCConfigurationList section */
	};
	rootObject = 7439986A2F076E600065D382 /* Project object */;
}
