// !$*UTF8*$!
{
	archiveVersion = 1;
	classes = {
	};
	objectVersion = 77;
	objects = {

/* Begin PBXBuildFile section */
		740A18352F07729700F75837 /* AppDelegate.swift in Sources */ = {isa = PBXBuildFile; fileRef = 740A18342F07729700F75837 /* AppDelegate.swift */; };
		740A18372F07729700F75837 /* SceneDelegate.swift in Sources */ = {isa = PBXBuildFile; fileRef = 740A18362F07729700F75837 /* SceneDelegate.swift */; };
		740A183A2F07729700F75837 /* LaunchScreen.storyboard in Resources */ = {isa = PBXBuildFile; fileRef = 740A18382F07729700F75837 /* LaunchScreen.storyboard */; };
		740A183D2F07729700F75837 /* Main.storyboard in Resources */ = {isa = PBXBuildFile; fileRef = 740A183B2F07729700F75837 /* Main.storyboard */; };
		740A18462F07729700F75837 /* AppDelegate.swift in Sources */ = {isa = PBXBuildFile; fileRef = 740A18452F07729700F75837 /* AppDelegate.swift */; };
		740A18492F07729700F75837 /* Main.storyboard in Resources */ = {isa = PBXBuildFile; fileRef = 740A18472F07729700F75837 /* Main.storyboard */; };
		740A18512F07729700F75837 /* XBookmarksOnly Extension.appex in Embed Foundation Extensions */ = {isa = PBXBuildFile; fileRef = 740A18502F07729700F75837 /* XBookmarksOnly Extension.appex */; settings = {ATTRIBUTES = (RemoveHeadersOnCopy, ); }; };
		740A185B2F07729700F75837 /* XBookmarksOnly Extension.appex in Embed Foundation Extensions */ = {isa = PBXBuildFile; fileRef = 740A185A2F07729700F75837 /* XBookmarksOnly Extension.appex */; settings = {ATTRIBUTES = (RemoveHeadersOnCopy, ); }; };
		740A18612F07729700F75837 /* Main.html in Resources */ = {isa = PBXBuildFile; fileRef = 740A18242F07729700F75837 /* Main.html */; };
		740A18622F07729700F75837 /* Main.html in Resources */ = {isa = PBXBuildFile; fileRef = 740A18242F07729700F75837 /* Main.html */; };
		740A18632F07729700F75837 /* Icon.png in Resources */ = {isa = PBXBuildFile; fileRef = 740A18262F07729700F75837 /* Icon.png */; };
		740A18642F07729700F75837 /* Icon.png in Resources */ = {isa = PBXBuildFile; fileRef = 740A18262F07729700F75837 /* Icon.png */; };
		740A18652F07729700F75837 /* Style.css in Resources */ = {isa = PBXBuildFile; fileRef = 740A18272F07729700F75837 /* Style.css */; };
		740A18662F07729700F75837 /* Style.css in Resources */ = {isa = PBXBuildFile; fileRef = 740A18272F07729700F75837 /* Style.css */; };
		740A18672F07729700F75837 /* Script.js in Resources */ = {isa = PBXBuildFile; fileRef = 740A18282F07729700F75837 /* Script.js */; };
		740A18682F07729700F75837 /* Script.js in Resources */ = {isa = PBXBuildFile; fileRef = 740A18282F07729700F75837 /* Script.js */; };
		740A18692F07729700F75837 /* ViewController.swift in Sources */ = {isa = PBXBuildFile; fileRef = 740A18292F07729700F75837 /* ViewController.swift */; };
		740A186A2F07729700F75837 /* ViewController.swift in Sources */ = {isa = PBXBuildFile; fileRef = 740A18292F07729700F75837 /* ViewController.swift */; };
		740A186B2F07729700F75837 /* Assets.xcassets in Resources */ = {isa = PBXBuildFile; fileRef = 740A182A2F07729700F75837 /* Assets.xcassets */; };
		740A186C2F07729700F75837 /* Assets.xcassets in Resources */ = {isa = PBXBuildFile; fileRef = 740A182A2F07729700F75837 /* Assets.xcassets */; };
		740A186D2F07729700F75837 /* SafariWebExtensionHandler.swift in Sources */ = {isa = PBXBuildFile; fileRef = 740A182C2F07729700F75837 /* SafariWebExtensionHandler.swift */; };
		740A186E2F07729700F75837 /* SafariWebExtensionHandler.swift in Sources */ = {isa = PBXBuildFile; fileRef = 740A182C2F07729700F75837 /* SafariWebExtensionHandler.swift */; };
		740A18872F07729800F75837 /* background.js in Resources */ = {isa = PBXBuildFile; fileRef = 740A18802F07729800F75837 /* background.js */; };
		740A18882F07729800F75837 /* images in Resources */ = {isa = PBXBuildFile; fileRef = 740A18812F07729800F75837 /* images */; };
		740A18892F07729800F75837 /* options.js in Resources */ = {isa = PBXBuildFile; fileRef = 740A18822F07729800F75837 /* options.js */; };
		740A188A2F07729800F75837 /* manifest.json in Resources */ = {isa = PBXBuildFile; fileRef = 740A18832F07729800F75837 /* manifest.json */; };
		740A188B2F07729800F75837 /* options.html in Resources */ = {isa = PBXBuildFile; fileRef = 740A18842F07729800F75837 /* options.html */; };
		740A188C2F07729800F75837 /* _locales in Resources */ = {isa = PBXBuildFile; fileRef = 740A18852F07729800F75837 /* _locales */; };
		740A188D2F07729800F75837 /* content.js in Resources */ = {isa = PBXBuildFile; fileRef = 740A18862F07729800F75837 /* content.js */; };
		740A188E2F07729800F75837 /* background.js in Resources */ = {isa = PBXBuildFile; fileRef = 740A18802F07729800F75837 /* background.js */; };
		740A188F2F07729800F75837 /* images in Resources */ = {isa = PBXBuildFile; fileRef = 740A18812F07729800F75837 /* images */; };
		740A18902F07729800F75837 /* options.js in Resources */ = {isa = PBXBuildFile; fileRef = 740A18822F07729800F75837 /* options.js */; };
		740A18912F07729800F75837 /* manifest.json in Resources */ = {isa = PBXBuildFile; fileRef = 740A18832F07729800F75837 /* manifest.json */; };
		740A18922F07729800F75837 /* options.html in Resources */ = {isa = PBXBuildFile; fileRef = 740A18842F07729800F75837 /* options.html */; };
		740A18932F07729800F75837 /* _locales in Resources */ = {isa = PBXBuildFile; fileRef = 740A18852F07729800F75837 /* _locales */; };
		740A18942F07729800F75837 /* content.js in Resources */ = {isa = PBXBuildFile; fileRef = 740A18862F07729800F75837 /* content.js */; };
/* End PBXBuildFile section */

/* Begin PBXContainerItemProxy section */
		740A18522F07729700F75837 /* PBXContainerItemProxy */ = {
			isa = PBXContainerItemProxy;
			containerPortal = 740A181E2F07729700F75837 /* Project object */;
			proxyType = 1;
			remoteGlobalIDString = 740A184F2F07729700F75837;
			remoteInfo = "XBookmarksOnly Extension (iOS)";
		};
		740A185C2F07729700F75837 /* PBXContainerItemProxy */ = {
			isa = PBXContainerItemProxy;
			containerPortal = 740A181E2F07729700F75837 /* Project object */;
			proxyType = 1;
			remoteGlobalIDString = 740A18592F07729700F75837;
			remoteInfo = "XBookmarksOnly Extension (macOS)";
		};
/* End PBXContainerItemProxy section */

/* Begin PBXCopyFilesBuildPhase section */
		740A18742F07729700F75837 /* Embed Foundation Extensions */ = {
			isa = PBXCopyFilesBuildPhase;
			buildActionMask = 2147483647;
			dstPath = "";
			dstSubfolderSpec = 13;
			files = (
				740A18512F07729700F75837 /* XBookmarksOnly Extension.appex in Embed Foundation Extensions */,
			);
			name = "Embed Foundation Extensions";
			runOnlyForDeploymentPostprocessing = 0;
		};
		740A187B2F07729700F75837 /* Embed Foundation Extensions */ = {
			isa = PBXCopyFilesBuildPhase;
			buildActionMask = 2147483647;
			dstPath = "";
			dstSubfolderSpec = 13;
			files = (
				740A185B2F07729700F75837 /* XBookmarksOnly Extension.appex in Embed Foundation Extensions */,
			);
			name = "Embed Foundation Extensions";
			runOnlyForDeploymentPostprocessing = 0;
		};
/* End PBXCopyFilesBuildPhase section */

/* Begin PBXFileReference section */
		740A18252F07729700F75837 /* Base */ = {isa = PBXFileReference; lastKnownFileType = text.html; name = Base; path = Base.lproj/Main.html; sourceTree = "<group>"; };
		740A18262F07729700F75837 /* Icon.png */ = {isa = PBXFileReference; lastKnownFileType = image.png; path = Icon.png; sourceTree = "<group>"; };
		740A18272F07729700F75837 /* Style.css */ = {isa = PBXFileReference; lastKnownFileType = text.css; path = Style.css; sourceTree = "<group>"; };
		740A18282F07729700F75837 /* Script.js */ = {isa = PBXFileReference; lastKnownFileType = sourcecode.javascript; path = Script.js; sourceTree = "<group>"; };
		740A18292F07729700F75837 /* ViewController.swift */ = {isa = PBXFileReference; lastKnownFileType = sourcecode.swift; path = ViewController.swift; sourceTree = "<group>"; };
		740A182A2F07729700F75837 /* Assets.xcassets */ = {isa = PBXFileReference; lastKnownFileType = folder.assetcatalog; path = Assets.xcassets; sourceTree = "<group>"; };
		740A182C2F07729700F75837 /* SafariWebExtensionHandler.swift */ = {isa = PBXFileReference; lastKnownFileType = sourcecode.swift; path = SafariWebExtensionHandler.swift; sourceTree = "<group>"; };
		740A18312F07729700F75837 /* XBookmarksOnly.app */ = {isa = PBXFileReference; explicitFileType = wrapper.application; includeInIndex = 0; path = XBookmarksOnly.app; sourceTree = BUILT_PRODUCTS_DIR; };
		740A18342F07729700F75837 /* AppDelegate.swift */ = {isa = PBXFileReference; lastKnownFileType = sourcecode.swift; path = AppDelegate.swift; sourceTree = "<group>"; };
		740A18362F07729700F75837 /* SceneDelegate.swift */ = {isa = PBXFileReference; lastKnownFileType = sourcecode.swift; path = SceneDelegate.swift; sourceTree = "<group>"; };
		740A18392F07729700F75837 /* Base */ = {isa = PBXFileReference; lastKnownFileType = file.storyboard; name = Base; path = Base.lproj/LaunchScreen.storyboard; sourceTree = "<group>"; };
		740A183C2F07729700F75837 /* Base */ = {isa = PBXFileReference; lastKnownFileType = file.storyboard; name = Base; path = Base.lproj/Main.storyboard; sourceTree = "<group>"; };
		740A183E2F07729700F75837 /* Info.plist */ = {isa = PBXFileReference; lastKnownFileType = text.plist.xml; path = Info.plist; sourceTree = "<group>"; };
		740A18432F07729700F75837 /* XBookmarksOnly.app */ = {isa = PBXFileReference; explicitFileType = wrapper.application; includeInIndex = 0; path = XBookmarksOnly.app; sourceTree = BUILT_PRODUCTS_DIR; };
		740A18452F07729700F75837 /* AppDelegate.swift */ = {isa = PBXFileReference; lastKnownFileType = sourcecode.swift; path = AppDelegate.swift; sourceTree = "<group>"; };
		740A18482F07729700F75837 /* Base */ = {isa = PBXFileReference; lastKnownFileType = file.storyboard; name = Base; path = Base.lproj/Main.storyboard; sourceTree = "<group>"; };
		740A184A2F07729700F75837 /* Info.plist */ = {isa = PBXFileReference; lastKnownFileType = text.plist.xml; path = Info.plist; sourceTree = "<group>"; };
		740A184B2F07729700F75837 /* XBookmarksOnly.entitlements */ = {isa = PBXFileReference; lastKnownFileType = text.plist.entitlements; path = XBookmarksOnly.entitlements; sourceTree = "<group>"; };
		740A18502F07729700F75837 /* XBookmarksOnly Extension.appex */ = {isa = PBXFileReference; explicitFileType = "wrapper.app-extension"; includeInIndex = 0; path = "XBookmarksOnly Extension.appex"; sourceTree = BUILT_PRODUCTS_DIR; };
		740A18552F07729700F75837 /* Info.plist */ = {isa = PBXFileReference; lastKnownFileType = text.plist.xml; path = Info.plist; sourceTree = "<group>"; };
		740A185A2F07729700F75837 /* XBookmarksOnly Extension.appex */ = {isa = PBXFileReference; explicitFileType = "wrapper.app-extension"; includeInIndex = 0; path = "XBookmarksOnly Extension.appex"; sourceTree = BUILT_PRODUCTS_DIR; };
		740A185F2F07729700F75837 /* Info.plist */ = {isa = PBXFileReference; lastKnownFileType = text.plist.xml; path = Info.plist; sourceTree = "<group>"; };
		740A18602F07729700F75837 /* XBookmarksOnly.entitlements */ = {isa = PBXFileReference; lastKnownFileType = text.plist.entitlements; path = XBookmarksOnly.entitlements; sourceTree = "<group>"; };
		740A18802F07729800F75837 /* background.js */ = {isa = PBXFileReference; lastKnownFileType = sourcecode.javascript; name = background.js; path = "../../XBookmarksOnly Extension/Resources/background.js"; sourceTree = "<group>"; };
		740A18812F07729800F75837 /* images */ = {isa = PBXFileReference; lastKnownFileType = folder; name = images; path = "../../XBookmarksOnly Extension/Resources/images"; sourceTree = "<group>"; };
		740A18822F07729800F75837 /* options.js */ = {isa = PBXFileReference; lastKnownFileType = sourcecode.javascript; name = options.js; path = "../../XBookmarksOnly Extension/Resources/options.js"; sourceTree = "<group>"; };
		740A18832F07729800F75837 /* manifest.json */ = {isa = PBXFileReference; lastKnownFileType = text.json; name = manifest.json; path = "../../XBookmarksOnly Extension/Resources/manifest.json"; sourceTree = "<group>"; };
		740A18842F07729800F75837 /* options.html */ = {isa = PBXFileReference; lastKnownFileType = text.html; name = options.html; path = "../../XBookmarksOnly Extension/Resources/options.html"; sourceTree = "<group>"; };
		740A18852F07729800F75837 /* _locales */ = {isa = PBXFileReference; lastKnownFileType = folder; name = _locales; path = "../../XBookmarksOnly Extension/Resources/_locales"; sourceTree = "<group>"; };
		740A18862F07729800F75837 /* content.js */ = {isa = PBXFileReference; lastKnownFileType = sourcecode.javascript; name = content.js; path = "../../XBookmarksOnly Extension/Resources/content.js"; sourceTree = "<group>"; };
/* End PBXFileReference section */

/* Begin PBXFrameworksBuildPhase section */
		740A182E2F07729700F75837 /* Frameworks */ = {
			isa = PBXFrameworksBuildPhase;
			buildActionMask = 2147483647;
			files = (
			);
			runOnlyForDeploymentPostprocessing = 0;
		};
		740A18402F07729700F75837 /* Frameworks */ = {
			isa = PBXFrameworksBuildPhase;
			buildActionMask = 2147483647;
			files = (
			);
			runOnlyForDeploymentPostprocessing = 0;
		};
		740A184D2F07729700F75837 /* Frameworks */ = {
			isa = PBXFrameworksBuildPhase;
			buildActionMask = 2147483647;
			files = (
			);
			runOnlyForDeploymentPostprocessing = 0;
		};
		740A18572F07729700F75837 /* Frameworks */ = {
			isa = PBXFrameworksBuildPhase;
			buildActionMask = 2147483647;
			files = (
			);
			runOnlyForDeploymentPostprocessing = 0;
		};
/* End PBXFrameworksBuildPhase section */

/* Begin PBXGroup section */
		740A181D2F07729700F75837 = {
			isa = PBXGroup;
			children = (
				740A18222F07729700F75837 /* Shared (App) */,
				740A182B2F07729700F75837 /* Shared (Extension) */,
				740A18332F07729700F75837 /* iOS (App) */,
				740A18442F07729700F75837 /* macOS (App) */,
				740A18542F07729700F75837 /* iOS (Extension) */,
				740A185E2F07729700F75837 /* macOS (Extension) */,
				740A18322F07729700F75837 /* Products */,
			);
			sourceTree = "<group>";
		};
		740A18222F07729700F75837 /* Shared (App) */ = {
			isa = PBXGroup;
			children = (
				740A18292F07729700F75837 /* ViewController.swift */,
				740A182A2F07729700F75837 /* Assets.xcassets */,
				740A18232F07729700F75837 /* Resources */,
			);
			path = "Shared (App)";
			sourceTree = "<group>";
		};
		740A18232F07729700F75837 /* Resources */ = {
			isa = PBXGroup;
			children = (
				740A18242F07729700F75837 /* Main.html */,
				740A18262F07729700F75837 /* Icon.png */,
				740A18272F07729700F75837 /* Style.css */,
				740A18282F07729700F75837 /* Script.js */,
			);
			path = Resources;
			sourceTree = "<group>";
		};
		740A182B2F07729700F75837 /* Shared (Extension) */ = {
			isa = PBXGroup;
			children = (
				740A187F2F07729800F75837 /* Resources */,
				740A182C2F07729700F75837 /* SafariWebExtensionHandler.swift */,
			);
			path = "Shared (Extension)";
			sourceTree = "<group>";
		};
		740A18322F07729700F75837 /* Products */ = {
			isa = PBXGroup;
			children = (
				740A18312F07729700F75837 /* XBookmarksOnly.app */,
				740A18432F07729700F75837 /* XBookmarksOnly.app */,
				740A18502F07729700F75837 /* XBookmarksOnly Extension.appex */,
				740A185A2F07729700F75837 /* XBookmarksOnly Extension.appex */,
			);
			name = Products;
			sourceTree = "<group>";
		};
		740A18332F07729700F75837 /* iOS (App) */ = {
			isa = PBXGroup;
			children = (
				740A18342F07729700F75837 /* AppDelegate.swift */,
				740A18362F07729700F75837 /* SceneDelegate.swift */,
				740A18382F07729700F75837 /* LaunchScreen.storyboard */,
				740A183B2F07729700F75837 /* Main.storyboard */,
				740A183E2F07729700F75837 /* Info.plist */,
			);
			path = "iOS (App)";
			sourceTree = "<group>";
		};
		740A18442F07729700F75837 /* macOS (App) */ = {
			isa = PBXGroup;
			children = (
				740A18452F07729700F75837 /* AppDelegate.swift */,
				740A18472F07729700F75837 /* Main.storyboard */,
				740A184A2F07729700F75837 /* Info.plist */,
				740A184B2F07729700F75837 /* XBookmarksOnly.entitlements */,
			);
			path = "macOS (App)";
			sourceTree = "<group>";
		};
		740A18542F07729700F75837 /* iOS (Extension) */ = {
			isa = PBXGroup;
			children = (
				740A18552F07729700F75837 /* Info.plist */,
			);
			path = "iOS (Extension)";
			sourceTree = "<group>";
		};
		740A185E2F07729700F75837 /* macOS (Extension) */ = {
			isa = PBXGroup;
			children = (
				740A185F2F07729700F75837 /* Info.plist */,
				740A18602F07729700F75837 /* XBookmarksOnly.entitlements */,
			);
			path = "macOS (Extension)";
			sourceTree = "<group>";
		};
		740A187F2F07729800F75837 /* Resources */ = {
			isa = PBXGroup;
			children = (
				740A18802F07729800F75837 /* background.js */,
				740A18812F07729800F75837 /* images */,
				740A18822F07729800F75837 /* options.js */,
				740A18832F07729800F75837 /* manifest.json */,
				740A18842F07729800F75837 /* options.html */,
				740A18852F07729800F75837 /* _locales */,
				740A18862F07729800F75837 /* content.js */,
			);
			name = Resources;
			path = "Shared (Extension)";
			sourceTree = SOURCE_ROOT;
		};
/* End PBXGroup section */

/* Begin PBXNativeTarget section */
		740A18302F07729700F75837 /* XBookmarksOnly (iOS) */ = {
			isa = PBXNativeTarget;
			buildConfigurationList = 740A18752F07729700F75837 /* Build configuration list for PBXNativeTarget "XBookmarksOnly (iOS)" */;
			buildPhases = (
				740A182D2F07729700F75837 /* Sources */,
				740A182E2F07729700F75837 /* Frameworks */,
				740A182F2F07729700F75837 /* Resources */,
				740A18742F07729700F75837 /* Embed Foundation Extensions */,
			);
			buildRules = (
			);
			dependencies = (
				740A18532F07729700F75837 /* PBXTargetDependency */,
			);
			name = "XBookmarksOnly (iOS)";
			packageProductDependencies = (
			);
			productName = "XBookmarksOnly (iOS)";
			productReference = 740A18312F07729700F75837 /* XBookmarksOnly.app */;
			productType = "com.apple.product-type.application";
		};
		740A18422F07729700F75837 /* XBookmarksOnly (macOS) */ = {
			isa = PBXNativeTarget;
			buildConfigurationList = 740A187C2F07729700F75837 /* Build configuration list for PBXNativeTarget "XBookmarksOnly (macOS)" */;
			buildPhases = (
				740A183F2F07729700F75837 /* Sources */,
				740A18402F07729700F75837 /* Frameworks */,
				740A18412F07729700F75837 /* Resources */,
				740A187B2F07729700F75837 /* Embed Foundation Extensions */,
			);
			buildRules = (
			);
			dependencies = (
				740A185D2F07729700F75837 /* PBXTargetDependency */,
			);
			name = "XBookmarksOnly (macOS)";
			packageProductDependencies = (
			);
			productName = "XBookmarksOnly (macOS)";
			productReference = 740A18432F07729700F75837 /* XBookmarksOnly.app */;
			productType = "com.apple.product-type.application";
		};
		740A184F2F07729700F75837 /* XBookmarksOnly Extension (iOS) */ = {
			isa = PBXNativeTarget;
			buildConfigurationList = 740A18712F07729700F75837 /* Build configuration list for PBXNativeTarget "XBookmarksOnly Extension (iOS)" */;
			buildPhases = (
				740A184C2F07729700F75837 /* Sources */,
				740A184D2F07729700F75837 /* Frameworks */,
				740A184E2F07729700F75837 /* Resources */,
			);
			buildRules = (
			);
			dependencies = (
			);
			name = "XBookmarksOnly Extension (iOS)";
			packageProductDependencies = (
			);
			productName = "XBookmarksOnly Extension (iOS)";
			productReference = 740A18502F07729700F75837 /* XBookmarksOnly Extension.appex */;
			productType = "com.apple.product-type.app-extension";
		};
		740A18592F07729700F75837 /* XBookmarksOnly Extension (macOS) */ = {
			isa = PBXNativeTarget;
			buildConfigurationList = 740A18782F07729700F75837 /* Build configuration list for PBXNativeTarget "XBookmarksOnly Extension (macOS)" */;
			buildPhases = (
				740A18562F07729700F75837 /* Sources */,
				740A18572F07729700F75837 /* Frameworks */,
				740A18582F07729700F75837 /* Resources */,
			);
			buildRules = (
			);
			dependencies = (
			);
			name = "XBookmarksOnly Extension (macOS)";
			packageProductDependencies = (
			);
			productName = "XBookmarksOnly Extension (macOS)";
			productReference = 740A185A2F07729700F75837 /* XBookmarksOnly Extension.appex */;
			productType = "com.apple.product-type.app-extension";
		};
/* End PBXNativeTarget section */

/* Begin PBXProject section */
		740A181E2F07729700F75837 /* Project object */ = {
			isa = PBXProject;
			attributes = {
				BuildIndependentTargetsInParallel = 1;
				LastSwiftUpdateCheck = 1630;
				LastUpgradeCheck = 1630;
				TargetAttributes = {
					740A18302F07729700F75837 = {
						CreatedOnToolsVersion = 16.3;
					};
					740A18422F07729700F75837 = {
						CreatedOnToolsVersion = 16.3;
					};
					740A184F2F07729700F75837 = {
						CreatedOnToolsVersion = 16.3;
					};
					740A18592F07729700F75837 = {
						CreatedOnToolsVersion = 16.3;
					};
				};
			};
			buildConfigurationList = 740A18212F07729700F75837 /* Build configuration list for PBXProject "XBookmarksOnly" */;
			developmentRegion = en;
			hasScannedForEncodings = 0;
			knownRegions = (
				en,
				Base,
			);
			mainGroup = 740A181D2F07729700F75837;
			minimizedProjectReferenceProxies = 1;
			preferredProjectObjectVersion = 77;
			productRefGroup = 740A18322F07729700F75837 /* Products */;
			projectDirPath = "";
			projectRoot = "";
			targets = (
				740A18302F07729700F75837 /* XBookmarksOnly (iOS) */,
				740A18422F07729700F75837 /* XBookmarksOnly (macOS) */,
				740A184F2F07729700F75837 /* XBookmarksOnly Extension (iOS) */,
				740A18592F07729700F75837 /* XBookmarksOnly Extension (macOS) */,
			);
		};
/* End PBXProject section */

/* Begin PBXResourcesBuildPhase section */
		740A182F2F07729700F75837 /* Resources */ = {
			isa = PBXResourcesBuildPhase;
			buildActionMask = 2147483647;
			files = (
				740A18632F07729700F75837 /* Icon.png in Resources */,
				740A183A2F07729700F75837 /* LaunchScreen.storyboard in Resources */,
				740A18612F07729700F75837 /* Main.html in Resources */,
				740A18672F07729700F75837 /* Script.js in Resources */,
				740A186B2F07729700F75837 /* Assets.xcassets in Resources */,
				740A183D2F07729700F75837 /* Main.storyboard in Resources */,
				740A18652F07729700F75837 /* Style.css in Resources */,
			);
			runOnlyForDeploymentPostprocessing = 0;
		};
		740A18412F07729700F75837 /* Resources */ = {
			isa = PBXResourcesBuildPhase;
			buildActionMask = 2147483647;
			files = (
				740A18642F07729700F75837 /* Icon.png in Resources */,
				740A18662F07729700F75837 /* Style.css in Resources */,
				740A18492F07729700F75837 /* Main.storyboard in Resources */,
				740A18682F07729700F75837 /* Script.js in Resources */,
				740A186C2F07729700F75837 /* Assets.xcassets in Resources */,
				740A18622F07729700F75837 /* Main.html in Resources */,
			);
			runOnlyForDeploymentPostprocessing = 0;
		};
		740A184E2F07729700F75837 /* Resources */ = {
			isa = PBXResourcesBuildPhase;
			buildActionMask = 2147483647;
			files = (
				740A18932F07729800F75837 /* _locales in Resources */,
				740A18912F07729800F75837 /* manifest.json in Resources */,
				740A188F2F07729800F75837 /* images in Resources */,
				740A18922F07729800F75837 /* options.html in Resources */,
				740A18902F07729800F75837 /* options.js in Resources */,
				740A18942F07729800F75837 /* content.js in Resources */,
				740A188E2F07729800F75837 /* background.js in Resources */,
			);
			runOnlyForDeploymentPostprocessing = 0;
		};
		740A18582F07729700F75837 /* Resources */ = {
			isa = PBXResourcesBuildPhase;
			buildActionMask = 2147483647;
			files = (
				740A188C2F07729800F75837 /* _locales in Resources */,
				740A188A2F07729800F75837 /* manifest.json in Resources */,
				740A18882F07729800F75837 /* images in Resources */,
				740A188B2F07729800F75837 /* options.html in Resources */,
				740A18892F07729800F75837 /* options.js in Resources */,
				740A188D2F07729800F75837 /* content.js in Resources */,
				740A18872F07729800F75837 /* background.js in Resources */,
			);
			runOnlyForDeploymentPostprocessing = 0;
		};
/* End PBXResourcesBuildPhase section */

/* Begin PBXSourcesBuildPhase section */
		740A182D2F07729700F75837 /* Sources */ = {
			isa = PBXSourcesBuildPhase;
			buildActionMask = 2147483647;
			files = (
				740A18692F07729700F75837 /* ViewController.swift in Sources */,
				740A18352F07729700F75837 /* AppDelegate.swift in Sources */,
				740A18372F07729700F75837 /* SceneDelegate.swift in Sources */,
			);
			runOnlyForDeploymentPostprocessing = 0;
		};
		740A183F2F07729700F75837 /* Sources */ = {
			isa = PBXSourcesBuildPhase;
			buildActionMask = 2147483647;
			files = (
				740A186A2F07729700F75837 /* ViewController.swift in Sources */,
				740A18462F07729700F75837 /* AppDelegate.swift in Sources */,
			);
			runOnlyForDeploymentPostprocessing = 0;
		};
		740A184C2F07729700F75837 /* Sources */ = {
			isa = PBXSourcesBuildPhase;
			buildActionMask = 2147483647;
			files = (
				740A186D2F07729700F75837 /* SafariWebExtensionHandler.swift in Sources */,
			);
			runOnlyForDeploymentPostprocessing = 0;
		};
		740A18562F07729700F75837 /* Sources */ = {
			isa = PBXSourcesBuildPhase;
			buildActionMask = 2147483647;
			files = (
				740A186E2F07729700F75837 /* SafariWebExtensionHandler.swift in Sources */,
			);
			runOnlyForDeploymentPostprocessing = 0;
		};
/* End PBXSourcesBuildPhase section */

/* Begin PBXTargetDependency section */
		740A18532F07729700F75837 /* PBXTargetDependency */ = {
			isa = PBXTargetDependency;
			target = 740A184F2F07729700F75837 /* XBookmarksOnly Extension (iOS) */;
			targetProxy = 740A18522F07729700F75837 /* PBXContainerItemProxy */;
		};
		740A185D2F07729700F75837 /* PBXTargetDependency */ = {
			isa = PBXTargetDependency;
			target = 740A18592F07729700F75837 /* XBookmarksOnly Extension (macOS) */;
			targetProxy = 740A185C2F07729700F75837 /* PBXContainerItemProxy */;
		};
/* End PBXTargetDependency section */

/* Begin PBXVariantGroup section */
		740A18242F07729700F75837 /* Main.html */ = {
			isa = PBXVariantGroup;
			children = (
				740A18252F07729700F75837 /* Base */,
			);
			name = Main.html;
			sourceTree = "<group>";
		};
		740A18382F07729700F75837 /* LaunchScreen.storyboard */ = {
			isa = PBXVariantGroup;
			children = (
				740A18392F07729700F75837 /* Base */,
			);
			name = LaunchScreen.storyboard;
			sourceTree = "<group>";
		};
		740A183B2F07729700F75837 /* Main.storyboard */ = {
			isa = PBXVariantGroup;
			children = (
				740A183C2F07729700F75837 /* Base */,
			);
			name = Main.storyboard;
			sourceTree = "<group>";
		};
		740A18472F07729700F75837 /* Main.storyboard */ = {
			isa = PBXVariantGroup;
			children = (
				740A18482F07729700F75837 /* Base */,
			);
			name = Main.storyboard;
			sourceTree = "<group>";
		};
/* End PBXVariantGroup section */

/* Begin XCBuildConfiguration section */
		740A186F2F07729700F75837 /* Debug */ = {
			isa = XCBuildConfiguration;
			buildSettings = {
				ALWAYS_SEARCH_USER_PATHS = NO;
				ASSETCATALOG_COMPILER_GENERATE_SWIFT_ASSET_SYMBOL_EXTENSIONS = YES;
				CLANG_ANALYZER_NONNULL = YES;
				CLANG_ANALYZER_NUMBER_OBJECT_CONVERSION = YES_AGGRESSIVE;
				CLANG_CXX_LANGUAGE_STANDARD = "gnu++20";
				CLANG_ENABLE_MODULES = YES;
				CLANG_ENABLE_OBJC_ARC = YES;
				CLANG_ENABLE_OBJC_WEAK = YES;
				CLANG_WARN_BLOCK_CAPTURE_AUTORELEASING = YES;
				CLANG_WARN_BOOL_CONVERSION = YES;
				CLANG_WARN_COMMA = YES;
				CLANG_WARN_CONSTANT_CONVERSION = YES;
				CLANG_WARN_DEPRECATED_OBJC_IMPLEMENTATIONS = YES;
				CLANG_WARN_DIRECT_OBJC_ISA_USAGE = YES_ERROR;
				CLANG_WARN_DOCUMENTATION_COMMENTS = YES;
				CLANG_WARN_EMPTY_BODY = YES;
				CLANG_WARN_ENUM_CONVERSION = YES;
				CLANG_WARN_INFINITE_RECURSION = YES;
				CLANG_WARN_INT_CONVERSION = YES;
				CLANG_WARN_NON_LITERAL_NULL_CONVERSION = YES;
				CLANG_WARN_OBJC_IMPLICIT_RETAIN_SELF = YES;
				CLANG_WARN_OBJC_LITERAL_CONVERSION = YES;
				CLANG_WARN_OBJC_ROOT_CLASS = YES_ERROR;
				CLANG_WARN_QUOTED_INCLUDE_IN_FRAMEWORK_HEADER = YES;
				CLANG_WARN_RANGE_LOOP_ANALYSIS = YES;
				CLANG_WARN_STRICT_PROTOTYPES = YES;
				CLANG_WARN_SUSPICIOUS_MOVE = YES;
				CLANG_WARN_UNGUARDED_AVAILABILITY = YES_AGGRESSIVE;
				CLANG_WARN_UNREACHABLE_CODE = YES;
				CLANG_WARN__DUPLICATE_METHOD_MATCH = YES;
				COPY_PHASE_STRIP = NO;
				DEBUG_INFORMATION_FORMAT = dwarf;
				ENABLE_STRICT_OBJC_MSGSEND = YES;
				ENABLE_TESTABILITY = YES;
				ENABLE_USER_SCRIPT_SANDBOXING = YES;
				GCC_C_LANGUAGE_STANDARD = gnu17;
				GCC_DYNAMIC_NO_PIC = NO;
				GCC_NO_COMMON_BLOCKS = YES;
				GCC_OPTIMIZATION_LEVEL = 0;
				GCC_PREPROCESSOR_DEFINITIONS = (
					"DEBUG=1",
					"$(inherited)",
				);
				GCC_WARN_64_TO_32_BIT_CONVERSION = YES;
				GCC_WARN_ABOUT_RETURN_TYPE = YES_ERROR;
				GCC_WARN_UNDECLARED_SELECTOR = YES;
				GCC_WARN_UNINITIALIZED_AUTOS = YES_AGGRESSIVE;
				GCC_WARN_UNUSED_FUNCTION = YES;
				GCC_WARN_UNUSED_VARIABLE = YES;
				LOCALIZATION_PREFERS_STRING_CATALOGS = YES;
				MTL_ENABLE_DEBUG_INFO = INCLUDE_SOURCE;
				MTL_FAST_MATH = YES;
				ONLY_ACTIVE_ARCH = YES;
				SWIFT_ACTIVE_COMPILATION_CONDITIONS = "DEBUG $(inherited)";
				SWIFT_OPTIMIZATION_LEVEL = "-Onone";
			};
			name = Debug;
		};
		740A18702F07729700F75837 /* Release */ = {
			isa = XCBuildConfiguration;
			buildSettings = {
				ALWAYS_SEARCH_USER_PATHS = NO;
				ASSETCATALOG_COMPILER_GENERATE_SWIFT_ASSET_SYMBOL_EXTENSIONS = YES;
				CLANG_ANALYZER_NONNULL = YES;
				CLANG_ANALYZER_NUMBER_OBJECT_CONVERSION = YES_AGGRESSIVE;
				CLANG_CXX_LANGUAGE_STANDARD = "gnu++20";
				CLANG_ENABLE_MODULES = YES;
				CLANG_ENABLE_OBJC_ARC = YES;
				CLANG_ENABLE_OBJC_WEAK = YES;
				CLANG_WARN_BLOCK_CAPTURE_AUTORELEASING = YES;
				CLANG_WARN_BOOL_CONVERSION = YES;
				CLANG_WARN_COMMA = YES;
				CLANG_WARN_CONSTANT_CONVERSION = YES;
				CLANG_WARN_DEPRECATED_OBJC_IMPLEMENTATIONS = YES;
				CLANG_WARN_DIRECT_OBJC_ISA_USAGE = YES_ERROR;
				CLANG_WARN_DOCUMENTATION_COMMENTS = YES;
				CLANG_WARN_EMPTY_BODY = YES;
				CLANG_WARN_ENUM_CONVERSION = YES;
				CLANG_WARN_INFINITE_RECURSION = YES;
				CLANG_WARN_INT_CONVERSION = YES;
				CLANG_WARN_NON_LITERAL_NULL_CONVERSION = YES;
				CLANG_WARN_OBJC_IMPLICIT_RETAIN_SELF = YES;
				CLANG_WARN_OBJC_LITERAL_CONVERSION = YES;
				CLANG_WARN_OBJC_ROOT_CLASS = YES_ERROR;
				CLANG_WARN_QUOTED_INCLUDE_IN_FRAMEWORK_HEADER = YES;
				CLANG_WARN_RANGE_LOOP_ANALYSIS = YES;
				CLANG_WARN_STRICT_PROTOTYPES = YES;
				CLANG_WARN_SUSPICIOUS_MOVE = YES;
				CLANG_WARN_UNGUARDED_AVAILABILITY = YES_AGGRESSIVE;
				CLANG_WARN_UNREACHABLE_CODE = YES;
				CLANG_WARN__DUPLICATE_METHOD_MATCH = YES;
				COPY_PHASE_STRIP = NO;
				DEBUG_INFORMATION_FORMAT = "dwarf-with-dsym";
				ENABLE_NS_ASSERTIONS = NO;
				ENABLE_STRICT_OBJC_MSGSEND = YES;
				ENABLE_USER_SCRIPT_SANDBOXING = YES;
				GCC_C_LANGUAGE_STANDARD = gnu17;
				GCC_NO_COMMON_BLOCKS = YES;
				GCC_WARN_64_TO_32_BIT_CONVERSION = YES;
				GCC_WARN_ABOUT_RETURN_TYPE = YES_ERROR;
				GCC_WARN_UNDECLARED_SELECTOR = YES;
				GCC_WARN_UNINITIALIZED_AUTOS = YES_AGGRESSIVE;
				GCC_WARN_UNUSED_FUNCTION = YES;
				GCC_WARN_UNUSED_VARIABLE = YES;
				LOCALIZATION_PREFERS_STRING_CATALOGS = YES;
				MTL_ENABLE_DEBUG_INFO = NO;
				MTL_FAST_MATH = YES;
				SWIFT_COMPILATION_MODE = wholemodule;
			};
			name = Release;
		};
		740A18722F07729700F75837 /* Debug */ = {
			isa = XCBuildConfiguration;
			buildSettings = {
				CODE_SIGN_STYLE = Automatic;
				CURRENT_PROJECT_VERSION = 1;
				GENERATE_INFOPLIST_FILE = YES;
				INFOPLIST_FILE = "iOS (Extension)/Info.plist";
				INFOPLIST_KEY_CFBundleDisplayName = "XBookmarksOnly Extension";
				INFOPLIST_KEY_NSHumanReadableCopyright = "";
				IPHONEOS_DEPLOYMENT_TARGET = 15.0;
				LD_RUNPATH_SEARCH_PATHS = (
					"$(inherited)",
					"@executable_path/Frameworks",
					"@executable_path/../../Frameworks",
				);
				MARKETING_VERSION = 1.0;
				OTHER_LDFLAGS = (
					"-framework",
					SafariServices,
				);
				PRODUCT_BUNDLE_IDENTIFIER = com.local.XBookmarksOnly.Extension;
				PRODUCT_NAME = "XBookmarksOnly Extension";
				SDKROOT = iphoneos;
				SKIP_INSTALL = YES;
				SWIFT_EMIT_LOC_STRINGS = YES;
				SWIFT_VERSION = 5.0;
				TARGETED_DEVICE_FAMILY = "1,2";
			};
			name = Debug;
		};
		740A18732F07729700F75837 /* Release */ = {
			isa = XCBuildConfiguration;
			buildSettings = {
				CODE_SIGN_STYLE = Automatic;
				CURRENT_PROJECT_VERSION = 1;
				GENERATE_INFOPLIST_FILE = YES;
				INFOPLIST_FILE = "iOS (Extension)/Info.plist";
				INFOPLIST_KEY_CFBundleDisplayName = "XBookmarksOnly Extension";
				INFOPLIST_KEY_NSHumanReadableCopyright = "";
				IPHONEOS_DEPLOYMENT_TARGET = 15.0;
				LD_RUNPATH_SEARCH_PATHS = (
					"$(inherited)",
					"@executable_path/Frameworks",
					"@executable_path/../../Frameworks",
				);
				MARKETING_VERSION = 1.0;
				OTHER_LDFLAGS = (
					"-framework",
					SafariServices,
				);
				PRODUCT_BUNDLE_IDENTIFIER = com.local.XBookmarksOnly.Extension;
				PRODUCT_NAME = "XBookmarksOnly Extension";
				SDKROOT = iphoneos;
				SKIP_INSTALL = YES;
				SWIFT_EMIT_LOC_STRINGS = YES;
				SWIFT_VERSION = 5.0;
				TARGETED_DEVICE_FAMILY = "1,2";
				VALIDATE_PRODUCT = YES;
			};
			name = Release;
		};
		740A18762F07729700F75837 /* Debug */ = {
			isa = XCBuildConfiguration;
			buildSettings = {
				ASSETCATALOG_COMPILER_APPICON_NAME = AppIcon;
				ASSETCATALOG_COMPILER_GLOBAL_ACCENT_COLOR_NAME = AccentColor;
				CODE_SIGN_STYLE = Automatic;
				CURRENT_PROJECT_VERSION = 1;
				GENERATE_INFOPLIST_FILE = YES;
				INFOPLIST_FILE = "iOS (App)/Info.plist";
				INFOPLIST_KEY_CFBundleDisplayName = XBookmarksOnly;
				INFOPLIST_KEY_UIApplicationSupportsIndirectInputEvents = YES;
				INFOPLIST_KEY_UILaunchStoryboardName = LaunchScreen;
				INFOPLIST_KEY_UIMainStoryboardFile = Main;
				INFOPLIST_KEY_UISupportedInterfaceOrientations = "UIInterfaceOrientationPortrait UIInterfaceOrientationLandscapeLeft UIInterfaceOrientationLandscapeRight";
				INFOPLIST_KEY_UISupportedInterfaceOrientations_iPad = "UIInterfaceOrientationPortrait UIInterfaceOrientationPortraitUpsideDown UIInterfaceOrientationLandscapeLeft UIInterfaceOrientationLandscapeRight";
				IPHONEOS_DEPLOYMENT_TARGET = 15.0;
				LD_RUNPATH_SEARCH_PATHS = (
					"$(inherited)",
					"@executable_path/Frameworks",
				);
				MARKETING_VERSION = 1.0;
				OTHER_LDFLAGS = (
					"-framework",
					SafariServices,
					"-framework",
					WebKit,
				);
				PRODUCT_BUNDLE_IDENTIFIER = com.local.XBookmarksOnly;
				PRODUCT_NAME = XBookmarksOnly;
				SDKROOT = iphoneos;
				SWIFT_EMIT_LOC_STRINGS = YES;
				SWIFT_VERSION = 5.0;
				TARGETED_DEVICE_FAMILY = "1,2";
			};
			name = Debug;
		};
		740A18772F07729700F75837 /* Release */ = {
			isa = XCBuildConfiguration;
			buildSettings = {
				ASSETCATALOG_COMPILER_APPICON_NAME = AppIcon;
				ASSETCATALOG_COMPILER_GLOBAL_ACCENT_COLOR_NAME = AccentColor;
				CODE_SIGN_STYLE = Automatic;
				CURRENT_PROJECT_VERSION = 1;
				GENERATE_INFOPLIST_FILE = YES;
				INFOPLIST_FILE = "iOS (App)/Info.plist";
				INFOPLIST_KEY_CFBundleDisplayName = XBookmarksOnly;
				INFOPLIST_KEY_UIApplicationSupportsIndirectInputEvents = YES;
				INFOPLIST_KEY_UILaunchStoryboardName = LaunchScreen;
				INFOPLIST_KEY_UIMainStoryboardFile = Main;
				INFOPLIST_KEY_UISupportedInterfaceOrientations = "UIInterfaceOrientationPortrait UIInterfaceOrientationLandscapeLeft UIInterfaceOrientationLandscapeRight";
				INFOPLIST_KEY_UISupportedInterfaceOrientations_iPad = "UIInterfaceOrientationPortrait UIInterfaceOrientationPortraitUpsideDown UIInterfaceOrientationLandscapeLeft UIInterfaceOrientationLandscapeRight";
				IPHONEOS_DEPLOYMENT_TARGET = 15.0;
				LD_RUNPATH_SEARCH_PATHS = (
					"$(inherited)",
					"@executable_path/Frameworks",
				);
				MARKETING_VERSION = 1.0;
				OTHER_LDFLAGS = (
					"-framework",
					SafariServices,
					"-framework",
					WebKit,
				);
				PRODUCT_BUNDLE_IDENTIFIER = com.local.XBookmarksOnly;
				PRODUCT_NAME = XBookmarksOnly;
				SDKROOT = iphoneos;
				SWIFT_EMIT_LOC_STRINGS = YES;
				SWIFT_VERSION = 5.0;
				TARGETED_DEVICE_FAMILY = "1,2";
				VALIDATE_PRODUCT = YES;
			};
			name = Release;
		};
		740A18792F07729700F75837 /* Debug */ = {
			isa = XCBuildConfiguration;
			buildSettings = {
				CODE_SIGN_ENTITLEMENTS = "macOS (Extension)/XBookmarksOnly.entitlements";
				CODE_SIGN_STYLE = Automatic;
				CURRENT_PROJECT_VERSION = 1;
				ENABLE_HARDENED_RUNTIME = YES;
				GENERATE_INFOPLIST_FILE = YES;
				INFOPLIST_FILE = "macOS (Extension)/Info.plist";
				INFOPLIST_KEY_CFBundleDisplayName = "XBookmarksOnly Extension";
				INFOPLIST_KEY_NSHumanReadableCopyright = "";
				LD_RUNPATH_SEARCH_PATHS = (
					"$(inherited)",
					"@executable_path/../Frameworks",
					"@executable_path/../../../../Frameworks",
				);
				MACOSX_DEPLOYMENT_TARGET = 10.14;
				MARKETING_VERSION = 1.0;
				OTHER_LDFLAGS = (
					"-framework",
					SafariServices,
				);
				PRODUCT_BUNDLE_IDENTIFIER = com.local.XBookmarksOnly.Extension;
				PRODUCT_NAME = "XBookmarksOnly Extension";
				SDKROOT = macosx;
				SKIP_INSTALL = YES;
				SWIFT_EMIT_LOC_STRINGS = YES;
				SWIFT_VERSION = 5.0;
			};
			name = Debug;
		};
		740A187A2F07729700F75837 /* Release */ = {
			isa = XCBuildConfiguration;
			buildSettings = {
				CODE_SIGN_ENTITLEMENTS = "macOS (Extension)/XBookmarksOnly.entitlements";
				CODE_SIGN_STYLE = Automatic;
				CURRENT_PROJECT_VERSION = 1;
				ENABLE_HARDENED_RUNTIME = YES;
				GENERATE_INFOPLIST_FILE = YES;
				INFOPLIST_FILE = "macOS (Extension)/Info.plist";
				INFOPLIST_KEY_CFBundleDisplayName = "XBookmarksOnly Extension";
				INFOPLIST_KEY_NSHumanReadableCopyright = "";
				LD_RUNPATH_SEARCH_PATHS = (
					"$(inherited)",
					"@executable_path/../Frameworks",
					"@executable_path/../../../../Frameworks",
				);
				MACOSX_DEPLOYMENT_TARGET = 10.14;
				MARKETING_VERSION = 1.0;
				OTHER_LDFLAGS = (
					"-framework",
					SafariServices,
				);
				PRODUCT_BUNDLE_IDENTIFIER = com.local.XBookmarksOnly.Extension;
				PRODUCT_NAME = "XBookmarksOnly Extension";
				SDKROOT = macosx;
				SKIP_INSTALL = YES;
				SWIFT_EMIT_LOC_STRINGS = YES;
				SWIFT_VERSION = 5.0;
			};
			name = Release;
		};
		740A187D2F07729700F75837 /* Debug */ = {
			isa = XCBuildConfiguration;
			buildSettings = {
				ASSETCATALOG_COMPILER_APPICON_NAME = AppIcon;
				ASSETCATALOG_COMPILER_GLOBAL_ACCENT_COLOR_NAME = AccentColor;
				CODE_SIGN_ENTITLEMENTS = "macOS (App)/XBookmarksOnly.entitlements";
				CODE_SIGN_STYLE = Automatic;
				CURRENT_PROJECT_VERSION = 1;
				ENABLE_HARDENED_RUNTIME = YES;
				GENERATE_INFOPLIST_FILE = YES;
				INFOPLIST_FILE = "macOS (App)/Info.plist";
				INFOPLIST_KEY_CFBundleDisplayName = XBookmarksOnly;
				INFOPLIST_KEY_NSMainStoryboardFile = Main;
				INFOPLIST_KEY_NSPrincipalClass = NSApplication;
				LD_RUNPATH_SEARCH_PATHS = (
					"$(inherited)",
					"@executable_path/../Frameworks",
				);
				MACOSX_DEPLOYMENT_TARGET = 10.14;
				MARKETING_VERSION = 1.0;
				OTHER_LDFLAGS = (
					"-framework",
					SafariServices,
					"-framework",
					WebKit,
				);
				PRODUCT_BUNDLE_IDENTIFIER = com.local.XBookmarksOnly;
				PRODUCT_NAME = XBookmarksOnly;
				REGISTER_APP_GROUPS = YES;
				SDKROOT = macosx;
				SWIFT_EMIT_LOC_STRINGS = YES;
				SWIFT_VERSION = 5.0;
			};
			name = Debug;
		};
		740A187E2F07729700F75837 /* Release */ = {
			isa = XCBuildConfiguration;
			buildSettings = {
				ASSETCATALOG_COMPILER_APPICON_NAME = AppIcon;
				ASSETCATALOG_COMPILER_GLOBAL_ACCENT_COLOR_NAME = AccentColor;
				CODE_SIGN_ENTITLEMENTS = "macOS (App)/XBookmarksOnly.entitlements";
				CODE_SIGN_STYLE = Automatic;
				CURRENT_PROJECT_VERSION = 1;
				ENABLE_HARDENED_RUNTIME = YES;
				GENERATE_INFOPLIST_FILE = YES;
				INFOPLIST_FILE = "macOS (App)/Info.plist";
				INFOPLIST_KEY_CFBundleDisplayName = XBookmarksOnly;
				INFOPLIST_KEY_NSMainStoryboardFile = Main;
				INFOPLIST_KEY_NSPrincipalClass = NSApplication;
				LD_RUNPATH_SEARCH_PATHS = (
					"$(inherited)",
					"@executable_path/../Frameworks",
				);
				MACOSX_DEPLOYMENT_TARGET = 10.14;
				MARKETING_VERSION = 1.0;
				OTHER_LDFLAGS = (
					"-framework",
					SafariServices,
					"-framework",
					WebKit,
				);
				PRODUCT_BUNDLE_IDENTIFIER = com.local.XBookmarksOnly;
				PRODUCT_NAME = XBookmarksOnly;
				REGISTER_APP_GROUPS = YES;
				SDKROOT = macosx;
				SWIFT_EMIT_LOC_STRINGS = YES;
				SWIFT_VERSION = 5.0;
			};
			name = Release;
		};
/* End XCBuildConfiguration section */

/* Begin XCConfigurationList section */
		740A18212F07729700F75837 /* Build configuration list for PBXProject "XBookmarksOnly" */ = {
			isa = XCConfigurationList;
			buildConfigurations = (
				740A186F2F07729700F75837 /* Debug */,
				740A18702F07729700F75837 /* Release */,
			);
			defaultConfigurationIsVisible = 0;
			defaultConfigurationName = Release;
		};
		740A18712F07729700F75837 /* Build configuration list for PBXNativeTarget "XBookmarksOnly Extension (iOS)" */ = {
			isa = XCConfigurationList;
			buildConfigurations = (
				740A18722F07729700F75837 /* Debug */,
				740A18732F07729700F75837 /* Release */,
			);
			defaultConfigurationIsVisible = 0;
			defaultConfigurationName = Release;
		};
		740A18752F07729700F75837 /* Build configuration list for PBXNativeTarget "XBookmarksOnly (iOS)" */ = {
			isa = XCConfigurationList;
			buildConfigurations = (
				740A18762F07729700F75837 /* Debug */,
				740A18772F07729700F75837 /* Release */,
			);
			defaultConfigurationIsVisible = 0;
			defaultConfigurationName = Release;
		};
		740A18782F07729700F75837 /* Build configuration list for PBXNativeTarget "XBookmarksOnly Extension (macOS)" */ = {
			isa = XCConfigurationList;
			buildConfigurations = (
				740A18792F07729700F75837 /* Debug */,
				740A187A2F07729700F75837 /* Release */,
			);
			defaultConfigurationIsVisible = 0;
			defaultConfigurationName = Release;
		};
		740A187C2F07729700F75837 /* Build configuration list for PBXNativeTarget "XBookmarksOnly (macOS)" */ = {
			isa = XCConfigurationList;
			buildConfigurations = (
				740A187D2F07729700F75837 /* Debug */,
				740A187E2F07729700F75837 /* Release */,
			);
			defaultConfigurationIsVisible = 0;
			defaultConfigurationName = Release;
		};
/* End XCConfigurationList section */
	};
	rootObject = 740A181E2F07729700F75837 /* Project object */;
}
